// !$*UTF8*$!
{
	archiveVersion = 1;
	classes = {
	};
	objectVersion = 46;
	objects = {

/* Begin PBXBuildFile section */
		052650DC1444FFAF00A881C5 /* NSString+UUID.m in Sources */ = {isa = PBXBuildFile; fileRef = 052650DB1444FFAF00A881C5 /* NSString+UUID.m */; };
		052A5EB8144CBC4D005C12AC /* libfinch.a in Frameworks */ = {isa = PBXBuildFile; fileRef = 052A5EA1144CBBDB005C12AC /* libfinch.a */; };
		052A5EBA144CBC7F005C12AC /* OpenAL.framework in Frameworks */ = {isa = PBXBuildFile; fileRef = 052A5EB9144CBC7F005C12AC /* OpenAL.framework */; };
		052A5EC3144CC63B005C12AC /* DTSound.m in Sources */ = {isa = PBXBuildFile; fileRef = 052A5EC2144CC63B005C12AC /* DTSound.m */; };
		052A5EC5144CCED1005C12AC /* AudioToolbox.framework in Frameworks */ = {isa = PBXBuildFile; fileRef = 052A5EC4144CCED1005C12AC /* AudioToolbox.framework */; };
		05475A091609F5960000BD66 /* DTEntitySpawnLocation.m in Sources */ = {isa = PBXBuildFile; fileRef = 05475A081609F5960000BD66 /* DTEntitySpawnLocation.m */; };
		05475A0B160A11780000BD66 /* DTRoomEditor.xib in Resources */ = {isa = PBXBuildFile; fileRef = 05475A0A160A11770000BD66 /* DTRoomEditor.xib */; };
		05475A0E160A1F920000BD66 /* DTRoomEditor.m in Sources */ = {isa = PBXBuildFile; fileRef = 05475A0D160A1F920000BD66 /* DTRoomEditor.m */; };
		0554015F16023A00009B2E35 /* DTEntityEditor.m in Sources */ = {isa = PBXBuildFile; fileRef = 0554015E16023A00009B2E35 /* DTEntityEditor.m */; };
		0554016116023B54009B2E35 /* DTEntityEditor.xib in Resources */ = {isa = PBXBuildFile; fileRef = 0554016016023B54009B2E35 /* DTEntityEditor.xib */; };
		0554598D1441383400E94DB2 /* DTServerRoom.m in Sources */ = {isa = PBXBuildFile; fileRef = 0554598C1441383400E94DB2 /* DTServerRoom.m */; };
		055459A81441659000E94DB2 /* DTEntityDoor.m in Sources */ = {isa = PBXBuildFile; fileRef = 055459A71441659000E94DB2 /* DTEntityDoor.m */; };
		055459AC1441DC3500E94DB2 /* BlackBackgroundView.m in Sources */ = {isa = PBXBuildFile; fileRef = 055459AB1441DC3400E94DB2 /* BlackBackgroundView.m */; };
		0587700916050CB700279D77 /* MARTNSObject.m in Sources */ = {isa = PBXBuildFile; fileRef = 05876FF916050CB700279D77 /* MARTNSObject.m */; settings = {COMPILER_FLAGS = "-fno-objc-arc"; }; };
		0587700B16050CB700279D77 /* RTIvar.m in Sources */ = {isa = PBXBuildFile; fileRef = 05876FFC16050CB700279D77 /* RTIvar.m */; settings = {COMPILER_FLAGS = "-fno-objc-arc"; }; };
		0587700C16050CB700279D77 /* RTMethod.m in Sources */ = {isa = PBXBuildFile; fileRef = 05876FFE16050CB700279D77 /* RTMethod.m */; settings = {COMPILER_FLAGS = "-fno-objc-arc"; }; };
		0587700D16050CB700279D77 /* RTProperty.m in Sources */ = {isa = PBXBuildFile; fileRef = 0587700016050CB700279D77 /* RTProperty.m */; settings = {COMPILER_FLAGS = "-fno-objc-arc"; }; };
		0587700E16050CB700279D77 /* RTProtocol.m in Sources */ = {isa = PBXBuildFile; fileRef = 0587700216050CB700279D77 /* RTProtocol.m */; settings = {COMPILER_FLAGS = "-fno-objc-arc"; }; };
		0587700F16050CB700279D77 /* RTUnregisteredClass.m in Sources */ = {isa = PBXBuildFile; fileRef = 0587700416050CB700279D77 /* RTUnregisteredClass.m */; settings = {COMPILER_FLAGS = "-fno-objc-arc"; }; };
		0587E522143F8DB200EA9CBF /* AsyncSocket.m in Sources */ = {isa = PBXBuildFile; fileRef = 0587E521143F8DB200EA9CBF /* AsyncSocket.m */; };
		0587E525143F8FB200EA9CBF /* DTConstants.m in Sources */ = {isa = PBXBuildFile; fileRef = 0587E524143F8FB200EA9CBF /* DTConstants.m */; };
		05A5A3D816AAA811007F768F /* CocoaLibSpotify.framework in Frameworks */ = {isa = PBXBuildFile; fileRef = 05A5A3D516AAA802007F768F /* CocoaLibSpotify.framework */; };
		05A5A3DA16AAA86F007F768F /* libspotify.framework in Frameworks */ = {isa = PBXBuildFile; fileRef = 05A5A3D916AAA86F007F768F /* libspotify.framework */; };
		05A5A3DC16AAA8DA007F768F /* libspotify.framework in Copy Frameworks */ = {isa = PBXBuildFile; fileRef = 05A5A3D916AAA86F007F768F /* libspotify.framework */; };
		05A5A3DD16AAA8E3007F768F /* CocoaLibSpotify.framework in Copy Frameworks */ = {isa = PBXBuildFile; fileRef = 05A5A3D516AAA802007F768F /* CocoaLibSpotify.framework */; };
		05A5A3DF16AAAA2E007F768F /* spkey.key in Resources */ = {isa = PBXBuildFile; fileRef = 05A5A3DE16AAAA2E007F768F /* spkey.key */; };
		05ABD61016009081002F04F0 /* DTEditorTilemap.m in Sources */ = {isa = PBXBuildFile; fileRef = 05ABD60F16009081002F04F0 /* DTEditorTilemap.m */; };
		05ABD6131600908D002F04F0 /* DTEditorEntities.m in Sources */ = {isa = PBXBuildFile; fileRef = 05ABD6121600908D002F04F0 /* DTEditorEntities.m */; };
		05ABD6571600BE7B002F04F0 /* DTEntityTemplate.m in Sources */ = {isa = PBXBuildFile; fileRef = 05ABD6561600BE7B002F04F0 /* DTEntityTemplate.m */; };
		05AD34E716012800001D6F65 /* DTEntityDummy.m in Sources */ = {isa = PBXBuildFile; fileRef = 05AD34E616012800001D6F65 /* DTEntityDummy.m */; };
		05AD7F8515FCACCE00E97694 /* DTEntityExplosion.m in Sources */ = {isa = PBXBuildFile; fileRef = 05AD7F8415FCACCE00E97694 /* DTEntityExplosion.m */; };
		05AD7F8815FCDEA600E97694 /* DTEditor.m in Sources */ = {isa = PBXBuildFile; fileRef = 05AD7F8715FCDEA600E97694 /* DTEditor.m */; };
		05ADA1EA15FBFF9C00D4B784 /* DTWorldRoom.m in Sources */ = {isa = PBXBuildFile; fileRef = 05ADA1E915FBFF9C00D4B784 /* DTWorldRoom.m */; };
		05B7AD25160F5314008BCD48 /* deathtroid.icns in Resources */ = {isa = PBXBuildFile; fileRef = 05B7AD24160F5314008BCD48 /* deathtroid.icns */; };
		05C35705143F9F53001FE29E /* TCAsyncHashProtocol.m in Sources */ = {isa = PBXBuildFile; fileRef = 05C35704143F9F53001FE29E /* TCAsyncHashProtocol.m */; };
		05CC7B77143FC4BB00052D06 /* SPDepends.m in Sources */ = {isa = PBXBuildFile; fileRef = 05CC7B6F143FC4BB00052D06 /* SPDepends.m */; settings = {COMPILER_FLAGS = "-fno-objc-arc"; }; };
		05CC7B78143FC4BB00052D06 /* SPKVONotificationCenter.m in Sources */ = {isa = PBXBuildFile; fileRef = 05CC7B71143FC4BB00052D06 /* SPKVONotificationCenter.m */; settings = {COMPILER_FLAGS = "-fno-objc-arc"; }; };
		05CC7B79143FC4BB00052D06 /* SPLowVerbosity.m in Sources */ = {isa = PBXBuildFile; fileRef = 05CC7B73143FC4BB00052D06 /* SPLowVerbosity.m */; settings = {COMPILER_FLAGS = "-fno-objc-arc"; }; };
		05CC7B7F143FCE3100052D06 /* DTClient.m in Sources */ = {isa = PBXBuildFile; fileRef = D8B05720143FA202002CE09B /* DTClient.m */; };
		05CC7B81143FCE3400052D06 /* DTServer.m in Sources */ = {isa = PBXBuildFile; fileRef = D8B05725143FA20F002CE09B /* DTServer.m */; };
		05CC7B82143FCE3900052D06 /* DTPlayer.m in Sources */ = {isa = PBXBuildFile; fileRef = D8B05723143FA20F002CE09B /* DTPlayer.m */; };
		05CC7BA61441FC9F00052D06 /* DTEntityEnemyBase.m in Sources */ = {isa = PBXBuildFile; fileRef = 05CC7BA51441FC9F00052D06 /* DTEntityEnemyBase.m */; };
		05F49DFB1449FB4600974FF9 /* DTRenderTilemap.m in Sources */ = {isa = PBXBuildFile; fileRef = 05F49DFA1449FB4600974FF9 /* DTRenderTilemap.m */; };
		05F93D2816432C3C000551C3 /* DTRenderState.m in Sources */ = {isa = PBXBuildFile; fileRef = 05F93D2716432C3C000551C3 /* DTRenderState.m */; };
		3809AC331444E57500B0C9AF /* DTRenderEntities.m in Sources */ = {isa = PBXBuildFile; fileRef = 3809AC321444E57500B0C9AF /* DTRenderEntities.m */; };
		3809AC3614460AFC00B0C9AF /* DTAnimation.m in Sources */ = {isa = PBXBuildFile; fileRef = 3809AC3514460AFC00B0C9AF /* DTAnimation.m */; };
		38F01F9E16AAC71200BA478A /* EchoNestFetcher.m in Sources */ = {isa = PBXBuildFile; fileRef = 38F01F9D16AAC71200BA478A /* EchoNestFetcher.m */; };
		38F01FA116AACFF700BA478A /* ARURLConnection.m in Sources */ = {isa = PBXBuildFile; fileRef = 38F01FA016AACFF700BA478A /* ARURLConnection.m */; };
		994E55F3144115DF009EC13C /* DTResourceManager.m in Sources */ = {isa = PBXBuildFile; fileRef = 994E55F2144115DF009EC13C /* DTResourceManager.m */; };
		994E55F614411609009EC13C /* DTTexture.m in Sources */ = {isa = PBXBuildFile; fileRef = 994E55F514411609009EC13C /* DTTexture.m */; };
		994E55F914411645009EC13C /* DTResource.m in Sources */ = {isa = PBXBuildFile; fileRef = 994E55F814411645009EC13C /* DTResource.m */; };
		994E55FC1441169D009EC13C /* DTSprite.m in Sources */ = {isa = PBXBuildFile; fileRef = 994E55FB1441169D009EC13C /* DTSprite.m */; };
		994E55FF14412A30009EC13C /* DTImage.m in Sources */ = {isa = PBXBuildFile; fileRef = 994E55FE14412A30009EC13C /* DTImage.m */; };
		994E5610144146A8009EC13C /* resources in Resources */ = {isa = PBXBuildFile; fileRef = 994E560F144146A8009EC13C /* resources */; };
		994E56171441CB3C009EC13C /* DTSpriteMap.m in Sources */ = {isa = PBXBuildFile; fileRef = 994E56161441CB3C009EC13C /* DTSpriteMap.m */; };
		99E5010115FAB7AE0031F34D /* SCEvent.m in Sources */ = {isa = PBXBuildFile; fileRef = 99E500FB15FAB7AE0031F34D /* SCEvent.m */; };
		99E5010215FAB7AE0031F34D /* SCEvents.m in Sources */ = {isa = PBXBuildFile; fileRef = 99E500FE15FAB7AE0031F34D /* SCEvents.m */; };
		D815B9E81449DCAE003EE259 /* DTShader.m in Sources */ = {isa = PBXBuildFile; fileRef = D815B9E71449DCAE003EE259 /* DTShader.m */; };
		D822B7C2143FDDF80097FC9E /* DTCamera.m in Sources */ = {isa = PBXBuildFile; fileRef = D822B7C1143FDDF80097FC9E /* DTCamera.m */; };
		D822B7C6143FE1AC0097FC9E /* DTEntityRipper.m in Sources */ = {isa = PBXBuildFile; fileRef = D822B7C5143FE1AC0097FC9E /* DTEntityRipper.m */; };
		D822B7D514406D750097FC9E /* DTEntityZoomer.m in Sources */ = {isa = PBXBuildFile; fileRef = D822B7D414406D750097FC9E /* DTEntityZoomer.m */; };
		D822B7DD14407E1F0097FC9E /* DTWorld.m in Sources */ = {isa = PBXBuildFile; fileRef = D822B7DC14407E1F0097FC9E /* DTWorld.m */; };
		D8548F2E143F45D7005D7DC0 /* Cocoa.framework in Frameworks */ = {isa = PBXBuildFile; fileRef = D8548F2D143F45D7005D7DC0 /* Cocoa.framework */; };
		D8548F38143F45D7005D7DC0 /* InfoPlist.strings in Resources */ = {isa = PBXBuildFile; fileRef = D8548F36143F45D7005D7DC0 /* InfoPlist.strings */; };
		D8548F3A143F45D7005D7DC0 /* main.m in Sources */ = {isa = PBXBuildFile; fileRef = D8548F39143F45D7005D7DC0 /* main.m */; };
		D8548F3E143F45D7005D7DC0 /* Credits.rtf in Resources */ = {isa = PBXBuildFile; fileRef = D8548F3C143F45D7005D7DC0 /* Credits.rtf */; };
		D8548F41143F45D7005D7DC0 /* DTAppDelegate.m in Sources */ = {isa = PBXBuildFile; fileRef = D8548F40143F45D7005D7DC0 /* DTAppDelegate.m */; };
		D8548F44143F45D7005D7DC0 /* MainMenu.xib in Resources */ = {isa = PBXBuildFile; fileRef = D8548F42143F45D7005D7DC0 /* MainMenu.xib */; };
		D8548F4C143F45D7005D7DC0 /* SenTestingKit.framework in Frameworks */ = {isa = PBXBuildFile; fileRef = D8548F4B143F45D7005D7DC0 /* SenTestingKit.framework */; };
		D8548F4D143F45D7005D7DC0 /* Cocoa.framework in Frameworks */ = {isa = PBXBuildFile; fileRef = D8548F2D143F45D7005D7DC0 /* Cocoa.framework */; };
		D8548F55143F45D7005D7DC0 /* InfoPlist.strings in Resources */ = {isa = PBXBuildFile; fileRef = D8548F53143F45D7005D7DC0 /* InfoPlist.strings */; };
		D8548F58143F45D7005D7DC0 /* DeathtroidTests.m in Sources */ = {isa = PBXBuildFile; fileRef = D8548F57143F45D7005D7DC0 /* DeathtroidTests.m */; };
		D8548F72143F4C4D005D7DC0 /* DTView.m in Sources */ = {isa = PBXBuildFile; fileRef = D8548F71143F4C4D005D7DC0 /* DTView.m */; };
		D8548F7B143F542B005D7DC0 /* OpenGL.framework in Frameworks */ = {isa = PBXBuildFile; fileRef = D8548F7A143F542B005D7DC0 /* OpenGL.framework */; };
		D891F8111440D98800B489CA /* DTPhysics.m in Sources */ = {isa = PBXBuildFile; fileRef = D891F8101440D98800B489CA /* DTPhysics.m */; };
		D891F81D1440E83500B489CA /* DTEntityPlayer.m in Sources */ = {isa = PBXBuildFile; fileRef = D891F81C1440E83500B489CA /* DTEntityPlayer.m */; };
		D891F8251440F62B00B489CA /* DTEntityBullet.m in Sources */ = {isa = PBXBuildFile; fileRef = D891F8241440F62B00B489CA /* DTEntityBullet.m */; };
		D891F85514412F0400B489CA /* DTEntitySidehopper.m in Sources */ = {isa = PBXBuildFile; fileRef = D891F85414412F0300B489CA /* DTEntitySidehopper.m */; };
		D8B05708143F77E6002CE09B /* DTCore.m in Sources */ = {isa = PBXBuildFile; fileRef = D8B05707143F77E6002CE09B /* DTCore.m */; };
		D8B05712143F840B002CE09B /* DTEntity.m in Sources */ = {isa = PBXBuildFile; fileRef = D8B05711143F840B002CE09B /* DTEntity.m */; };
		D8B05715143F8569002CE09B /* Vector2.m in Sources */ = {isa = PBXBuildFile; fileRef = D8B05714143F8569002CE09B /* Vector2.m */; settings = {COMPILER_FLAGS = "-fno-objc-arc"; }; };
		D8B05716143F8A73002CE09B /* DTInput.m in Sources */ = {isa = PBXBuildFile; fileRef = D8B05704143F7697002CE09B /* DTInput.m */; };
		D8B0572D143FB22F002CE09B /* DTMap.m in Sources */ = {isa = PBXBuildFile; fileRef = D8B0572C143FB22F002CE09B /* DTMap.m */; };
		D8B05732143FB2AA002CE09B /* DTLayer.m in Sources */ = {isa = PBXBuildFile; fileRef = D8B0572F143FB2AA002CE09B /* DTLayer.m */; };
		D8B05733143FB2AA002CE09B /* DTRoom.m in Sources */ = {isa = PBXBuildFile; fileRef = D8B05731143FB2AA002CE09B /* DTRoom.m */; };
		D8EEC3E41449DE8F0073DA57 /* DTProgram.m in Sources */ = {isa = PBXBuildFile; fileRef = D8EEC3E31449DE8F0073DA57 /* DTProgram.m */; };
/* End PBXBuildFile section */

/* Begin PBXContainerItemProxy section */
		052A5E9E144CBBDB005C12AC /* PBXContainerItemProxy */ = {
			isa = PBXContainerItemProxy;
			containerPortal = 052A5E97144CBBDB005C12AC /* Finch.xcodeproj */;
			proxyType = 2;
			remoteGlobalIDString = 0D2AA93E14174FA000F4071B;
			remoteInfo = Finch;
		};
		052A5EA0144CBBDB005C12AC /* PBXContainerItemProxy */ = {
			isa = PBXContainerItemProxy;
			containerPortal = 052A5E97144CBBDB005C12AC /* Finch.xcodeproj */;
			proxyType = 2;
			remoteGlobalIDString = 052A5E6D144CBA0F005C12AC;
			remoteInfo = finch;
		};
		052A5EA2144CBBDB005C12AC /* PBXContainerItemProxy */ = {
			isa = PBXContainerItemProxy;
			containerPortal = 052A5E97144CBBDB005C12AC /* Finch.xcodeproj */;
			proxyType = 2;
			remoteGlobalIDString = 0D1BA656141A45B6004A5A9F;
			remoteInfo = Tests;
		};
		052A5EA4144CBBDB005C12AC /* PBXContainerItemProxy */ = {
			isa = PBXContainerItemProxy;
			containerPortal = 052A5E97144CBBDB005C12AC /* Finch.xcodeproj */;
			proxyType = 2;
			remoteGlobalIDString = 0D2AA971141750F700F4071B;
			remoteInfo = "Finch Demo";
		};
		05A5A3D416AAA802007F768F /* PBXContainerItemProxy */ = {
			isa = PBXContainerItemProxy;
			containerPortal = 05A5A3CB16AAA802007F768F /* CocoaLibSpotify Mac Framework.xcodeproj */;
			proxyType = 2;
			remoteGlobalIDString = 503D630F13258041007772CA;
			remoteInfo = CocoaLibSpotify;
		};
		05A5A3D616AAA802007F768F /* PBXContainerItemProxy */ = {
			isa = PBXContainerItemProxy;
			containerPortal = 05A5A3CB16AAA802007F768F /* CocoaLibSpotify Mac Framework.xcodeproj */;
			proxyType = 2;
			remoteGlobalIDString = 504E4934155AA85400E1C0F7;
			remoteInfo = CocoaLSTests;
		};
		D8548F4E143F45D7005D7DC0 /* PBXContainerItemProxy */ = {
			isa = PBXContainerItemProxy;
			containerPortal = D8548F20143F45D6005D7DC0 /* Project object */;
			proxyType = 1;
			remoteGlobalIDString = D8548F28143F45D7005D7DC0;
			remoteInfo = Deathtroid;
		};
/* End PBXContainerItemProxy section */

/* Begin PBXCopyFilesBuildPhase section */
		05A5A3DB16AAA8BE007F768F /* Copy Frameworks */ = {
			isa = PBXCopyFilesBuildPhase;
			buildActionMask = 2147483647;
			dstPath = "";
			dstSubfolderSpec = 10;
			files = (
				05A5A3DD16AAA8E3007F768F /* CocoaLibSpotify.framework in Copy Frameworks */,
				05A5A3DC16AAA8DA007F768F /* libspotify.framework in Copy Frameworks */,
			);
			name = "Copy Frameworks";
			runOnlyForDeploymentPostprocessing = 0;
		};
/* End PBXCopyFilesBuildPhase section */

/* Begin PBXFileReference section */
		052650DA1444FFAE00A881C5 /* NSString+UUID.h */ = {isa = PBXFileReference; fileEncoding = 4; lastKnownFileType = sourcecode.c.h; path = "NSString+UUID.h"; sourceTree = "<group>"; };
		052650DB1444FFAF00A881C5 /* NSString+UUID.m */ = {isa = PBXFileReference; fileEncoding = 4; lastKnownFileType = sourcecode.c.objc; path = "NSString+UUID.m"; sourceTree = "<group>"; };
		052A5E97144CBBDB005C12AC /* Finch.xcodeproj */ = {isa = PBXFileReference; lastKnownFileType = "wrapper.pb-project"; name = Finch.xcodeproj; path = Vendor/Finch/Finch.xcodeproj; sourceTree = "<group>"; };
		052A5EB9144CBC7F005C12AC /* OpenAL.framework */ = {isa = PBXFileReference; lastKnownFileType = wrapper.framework; name = OpenAL.framework; path = System/Library/Frameworks/OpenAL.framework; sourceTree = SDKROOT; };
		052A5EC1144CC63B005C12AC /* DTSound.h */ = {isa = PBXFileReference; fileEncoding = 4; lastKnownFileType = sourcecode.c.h; name = DTSound.h; path = Sound/DTSound.h; sourceTree = "<group>"; };
		052A5EC2144CC63B005C12AC /* DTSound.m */ = {isa = PBXFileReference; fileEncoding = 4; lastKnownFileType = sourcecode.c.objc; name = DTSound.m; path = Sound/DTSound.m; sourceTree = "<group>"; };
		052A5EC4144CCED1005C12AC /* AudioToolbox.framework */ = {isa = PBXFileReference; lastKnownFileType = wrapper.framework; name = AudioToolbox.framework; path = System/Library/Frameworks/AudioToolbox.framework; sourceTree = SDKROOT; };
		05475A071609F5960000BD66 /* DTEntitySpawnLocation.h */ = {isa = PBXFileReference; fileEncoding = 4; lastKnownFileType = sourcecode.c.h; path = DTEntitySpawnLocation.h; sourceTree = "<group>"; };
		05475A081609F5960000BD66 /* DTEntitySpawnLocation.m */ = {isa = PBXFileReference; fileEncoding = 4; lastKnownFileType = sourcecode.c.objc; path = DTEntitySpawnLocation.m; sourceTree = "<group>"; };
		05475A0A160A11770000BD66 /* DTRoomEditor.xib */ = {isa = PBXFileReference; fileEncoding = 4; lastKnownFileType = file.xib; path = DTRoomEditor.xib; sourceTree = "<group>"; };
		05475A0C160A1F920000BD66 /* DTRoomEditor.h */ = {isa = PBXFileReference; fileEncoding = 4; lastKnownFileType = sourcecode.c.h; path = DTRoomEditor.h; sourceTree = "<group>"; };
		05475A0D160A1F920000BD66 /* DTRoomEditor.m */ = {isa = PBXFileReference; fileEncoding = 4; lastKnownFileType = sourcecode.c.objc; path = DTRoomEditor.m; sourceTree = "<group>"; };
		0554015D16023A00009B2E35 /* DTEntityEditor.h */ = {isa = PBXFileReference; fileEncoding = 4; lastKnownFileType = sourcecode.c.h; path = DTEntityEditor.h; sourceTree = "<group>"; };
		0554015E16023A00009B2E35 /* DTEntityEditor.m */ = {isa = PBXFileReference; fileEncoding = 4; lastKnownFileType = sourcecode.c.objc; path = DTEntityEditor.m; sourceTree = "<group>"; };
		0554016016023B54009B2E35 /* DTEntityEditor.xib */ = {isa = PBXFileReference; fileEncoding = 4; lastKnownFileType = file.xib; path = DTEntityEditor.xib; sourceTree = "<group>"; };
		0554598B1441383300E94DB2 /* DTServerRoom.h */ = {isa = PBXFileReference; fileEncoding = 4; lastKnownFileType = sourcecode.c.h; path = DTServerRoom.h; sourceTree = "<group>"; };
		0554598C1441383400E94DB2 /* DTServerRoom.m */ = {isa = PBXFileReference; fileEncoding = 4; lastKnownFileType = sourcecode.c.objc; path = DTServerRoom.m; sourceTree = "<group>"; };
		055459A61441659000E94DB2 /* DTEntityDoor.h */ = {isa = PBXFileReference; fileEncoding = 4; lastKnownFileType = sourcecode.c.h; path = DTEntityDoor.h; sourceTree = "<group>"; };
		055459A71441659000E94DB2 /* DTEntityDoor.m */ = {isa = PBXFileReference; fileEncoding = 4; lastKnownFileType = sourcecode.c.objc; path = DTEntityDoor.m; sourceTree = "<group>"; };
		055459AA1441DC3400E94DB2 /* BlackBackgroundView.h */ = {isa = PBXFileReference; fileEncoding = 4; lastKnownFileType = sourcecode.c.h; path = BlackBackgroundView.h; sourceTree = "<group>"; };
		055459AB1441DC3400E94DB2 /* BlackBackgroundView.m */ = {isa = PBXFileReference; fileEncoding = 4; lastKnownFileType = sourcecode.c.objc; path = BlackBackgroundView.m; sourceTree = "<group>"; };
		05876FF816050CB700279D77 /* MARTNSObject.h */ = {isa = PBXFileReference; fileEncoding = 4; lastKnownFileType = sourcecode.c.h; path = MARTNSObject.h; sourceTree = "<group>"; };
		05876FF916050CB700279D77 /* MARTNSObject.m */ = {isa = PBXFileReference; fileEncoding = 4; lastKnownFileType = sourcecode.c.objc; path = MARTNSObject.m; sourceTree = "<group>"; };
		05876FFB16050CB700279D77 /* RTIvar.h */ = {isa = PBXFileReference; fileEncoding = 4; lastKnownFileType = sourcecode.c.h; path = RTIvar.h; sourceTree = "<group>"; };
		05876FFC16050CB700279D77 /* RTIvar.m */ = {isa = PBXFileReference; fileEncoding = 4; lastKnownFileType = sourcecode.c.objc; path = RTIvar.m; sourceTree = "<group>"; };
		05876FFD16050CB700279D77 /* RTMethod.h */ = {isa = PBXFileReference; fileEncoding = 4; lastKnownFileType = sourcecode.c.h; path = RTMethod.h; sourceTree = "<group>"; };
		05876FFE16050CB700279D77 /* RTMethod.m */ = {isa = PBXFileReference; fileEncoding = 4; lastKnownFileType = sourcecode.c.objc; path = RTMethod.m; sourceTree = "<group>"; };
		05876FFF16050CB700279D77 /* RTProperty.h */ = {isa = PBXFileReference; fileEncoding = 4; lastKnownFileType = sourcecode.c.h; path = RTProperty.h; sourceTree = "<group>"; };
		0587700016050CB700279D77 /* RTProperty.m */ = {isa = PBXFileReference; fileEncoding = 4; lastKnownFileType = sourcecode.c.objc; path = RTProperty.m; sourceTree = "<group>"; };
		0587700116050CB700279D77 /* RTProtocol.h */ = {isa = PBXFileReference; fileEncoding = 4; lastKnownFileType = sourcecode.c.h; path = RTProtocol.h; sourceTree = "<group>"; };
		0587700216050CB700279D77 /* RTProtocol.m */ = {isa = PBXFileReference; fileEncoding = 4; lastKnownFileType = sourcecode.c.objc; path = RTProtocol.m; sourceTree = "<group>"; };
		0587700316050CB700279D77 /* RTUnregisteredClass.h */ = {isa = PBXFileReference; fileEncoding = 4; lastKnownFileType = sourcecode.c.h; path = RTUnregisteredClass.h; sourceTree = "<group>"; };
		0587700416050CB700279D77 /* RTUnregisteredClass.m */ = {isa = PBXFileReference; fileEncoding = 4; lastKnownFileType = sourcecode.c.objc; path = RTUnregisteredClass.m; sourceTree = "<group>"; };
		0587E520143F8DB200EA9CBF /* AsyncSocket.h */ = {isa = PBXFileReference; fileEncoding = 4; lastKnownFileType = sourcecode.c.h; name = AsyncSocket.h; path = Vendor/cocoaasyncsocket/RunLoop/AsyncSocket.h; sourceTree = SOURCE_ROOT; };
		0587E521143F8DB200EA9CBF /* AsyncSocket.m */ = {isa = PBXFileReference; fileEncoding = 4; lastKnownFileType = sourcecode.c.objc; name = AsyncSocket.m; path = Vendor/cocoaasyncsocket/RunLoop/AsyncSocket.m; sourceTree = SOURCE_ROOT; };
		0587E523143F8FB100EA9CBF /* DTConstants.h */ = {isa = PBXFileReference; fileEncoding = 4; lastKnownFileType = sourcecode.c.h; path = DTConstants.h; sourceTree = "<group>"; };
		0587E524143F8FB200EA9CBF /* DTConstants.m */ = {isa = PBXFileReference; fileEncoding = 4; lastKnownFileType = sourcecode.c.objc; path = DTConstants.m; sourceTree = "<group>"; };
		05A5A3CB16AAA802007F768F /* CocoaLibSpotify Mac Framework.xcodeproj */ = {isa = PBXFileReference; lastKnownFileType = "wrapper.pb-project"; name = "CocoaLibSpotify Mac Framework.xcodeproj"; path = "Vendor/cocoalibspotify/Mac Framework/CocoaLibSpotify Mac Framework.xcodeproj"; sourceTree = "<group>"; };
		05A5A3D916AAA86F007F768F /* libspotify.framework */ = {isa = PBXFileReference; lastKnownFileType = wrapper.framework; name = libspotify.framework; path = Vendor/libspotify/libspotify.framework; sourceTree = "<group>"; };
		05A5A3DE16AAAA2E007F768F /* spkey.key */ = {isa = PBXFileReference; lastKnownFileType = file; path = spkey.key; sourceTree = "<group>"; };
		05ABD60E16009081002F04F0 /* DTEditorTilemap.h */ = {isa = PBXFileReference; fileEncoding = 4; lastKnownFileType = sourcecode.c.h; name = DTEditorTilemap.h; path = Client/DTEditorTilemap.h; sourceTree = "<group>"; };
		05ABD60F16009081002F04F0 /* DTEditorTilemap.m */ = {isa = PBXFileReference; fileEncoding = 4; lastKnownFileType = sourcecode.c.objc; name = DTEditorTilemap.m; path = Client/DTEditorTilemap.m; sourceTree = "<group>"; };
		05ABD6111600908C002F04F0 /* DTEditorEntities.h */ = {isa = PBXFileReference; fileEncoding = 4; lastKnownFileType = sourcecode.c.h; name = DTEditorEntities.h; path = Client/DTEditorEntities.h; sourceTree = "<group>"; };
		05ABD6121600908D002F04F0 /* DTEditorEntities.m */ = {isa = PBXFileReference; fileEncoding = 4; lastKnownFileType = sourcecode.c.objc; name = DTEditorEntities.m; path = Client/DTEditorEntities.m; sourceTree = "<group>"; };
		05ABD6551600BE7B002F04F0 /* DTEntityTemplate.h */ = {isa = PBXFileReference; fileEncoding = 4; lastKnownFileType = sourcecode.c.h; path = DTEntityTemplate.h; sourceTree = "<group>"; };
		05ABD6561600BE7B002F04F0 /* DTEntityTemplate.m */ = {isa = PBXFileReference; fileEncoding = 4; lastKnownFileType = sourcecode.c.objc; path = DTEntityTemplate.m; sourceTree = "<group>"; };
		05AD34E516012800001D6F65 /* DTEntityDummy.h */ = {isa = PBXFileReference; fileEncoding = 4; lastKnownFileType = sourcecode.c.h; path = DTEntityDummy.h; sourceTree = "<group>"; };
		05AD34E616012800001D6F65 /* DTEntityDummy.m */ = {isa = PBXFileReference; fileEncoding = 4; lastKnownFileType = sourcecode.c.objc; path = DTEntityDummy.m; sourceTree = "<group>"; };
		05AD7F8315FCACCE00E97694 /* DTEntityExplosion.h */ = {isa = PBXFileReference; fileEncoding = 4; lastKnownFileType = sourcecode.c.h; path = DTEntityExplosion.h; sourceTree = "<group>"; };
		05AD7F8415FCACCE00E97694 /* DTEntityExplosion.m */ = {isa = PBXFileReference; fileEncoding = 4; lastKnownFileType = sourcecode.c.objc; path = DTEntityExplosion.m; sourceTree = "<group>"; };
		05AD7F8615FCDEA600E97694 /* DTEditor.h */ = {isa = PBXFileReference; fileEncoding = 4; lastKnownFileType = sourcecode.c.h; name = DTEditor.h; path = Client/DTEditor.h; sourceTree = "<group>"; };
		05AD7F8715FCDEA600E97694 /* DTEditor.m */ = {isa = PBXFileReference; fileEncoding = 4; lastKnownFileType = sourcecode.c.objc; name = DTEditor.m; path = Client/DTEditor.m; sourceTree = "<group>"; };
		05ADA1E815FBFF9C00D4B784 /* DTWorldRoom.h */ = {isa = PBXFileReference; fileEncoding = 4; lastKnownFileType = sourcecode.c.h; path = DTWorldRoom.h; sourceTree = "<group>"; };
		05ADA1E915FBFF9C00D4B784 /* DTWorldRoom.m */ = {isa = PBXFileReference; fileEncoding = 4; lastKnownFileType = sourcecode.c.objc; path = DTWorldRoom.m; sourceTree = "<group>"; };
		05B60AD21440E56F00CFFCE9 /* DTLevelRepository.h */ = {isa = PBXFileReference; fileEncoding = 4; lastKnownFileType = sourcecode.c.h; path = DTLevelRepository.h; sourceTree = "<group>"; };
		05B60AD31440E56F00CFFCE9 /* DTLevelRepository.m */ = {isa = PBXFileReference; fileEncoding = 4; lastKnownFileType = sourcecode.c.objc; path = DTLevelRepository.m; sourceTree = "<group>"; };
		05B7AD24160F5314008BCD48 /* deathtroid.icns */ = {isa = PBXFileReference; lastKnownFileType = image.icns; path = deathtroid.icns; sourceTree = "<group>"; };
		05C35703143F9F53001FE29E /* TCAsyncHashProtocol.h */ = {isa = PBXFileReference; fileEncoding = 4; lastKnownFileType = sourcecode.c.h; path = TCAsyncHashProtocol.h; sourceTree = "<group>"; };
		05C35704143F9F53001FE29E /* TCAsyncHashProtocol.m */ = {isa = PBXFileReference; fileEncoding = 4; lastKnownFileType = sourcecode.c.objc; path = TCAsyncHashProtocol.m; sourceTree = "<group>"; };
		05CC7B6E143FC4BB00052D06 /* SPDepends.h */ = {isa = PBXFileReference; fileEncoding = 4; lastKnownFileType = sourcecode.c.h; path = SPDepends.h; sourceTree = "<group>"; };
		05CC7B6F143FC4BB00052D06 /* SPDepends.m */ = {isa = PBXFileReference; fileEncoding = 4; lastKnownFileType = sourcecode.c.objc; path = SPDepends.m; sourceTree = "<group>"; };
		05CC7B70143FC4BB00052D06 /* SPKVONotificationCenter.h */ = {isa = PBXFileReference; fileEncoding = 4; lastKnownFileType = sourcecode.c.h; path = SPKVONotificationCenter.h; sourceTree = "<group>"; };
		05CC7B71143FC4BB00052D06 /* SPKVONotificationCenter.m */ = {isa = PBXFileReference; fileEncoding = 4; lastKnownFileType = sourcecode.c.objc; path = SPKVONotificationCenter.m; sourceTree = "<group>"; };
		05CC7B72143FC4BB00052D06 /* SPLowVerbosity.h */ = {isa = PBXFileReference; fileEncoding = 4; lastKnownFileType = sourcecode.c.h; path = SPLowVerbosity.h; sourceTree = "<group>"; };
		05CC7B73143FC4BB00052D06 /* SPLowVerbosity.m */ = {isa = PBXFileReference; fileEncoding = 4; lastKnownFileType = sourcecode.c.objc; path = SPLowVerbosity.m; sourceTree = "<group>"; };
		05CC7BA41441FC9F00052D06 /* DTEntityEnemyBase.h */ = {isa = PBXFileReference; fileEncoding = 4; lastKnownFileType = sourcecode.c.h; path = DTEntityEnemyBase.h; sourceTree = "<group>"; };
		05CC7BA51441FC9F00052D06 /* DTEntityEnemyBase.m */ = {isa = PBXFileReference; fileEncoding = 4; lastKnownFileType = sourcecode.c.objc; path = DTEntityEnemyBase.m; sourceTree = "<group>"; };
		05F49DF91449FB4600974FF9 /* DTRenderTilemap.h */ = {isa = PBXFileReference; fileEncoding = 4; lastKnownFileType = sourcecode.c.h; name = DTRenderTilemap.h; path = Client/DTRenderTilemap.h; sourceTree = "<group>"; };
		05F49DFA1449FB4600974FF9 /* DTRenderTilemap.m */ = {isa = PBXFileReference; fileEncoding = 4; lastKnownFileType = sourcecode.c.objc; name = DTRenderTilemap.m; path = Client/DTRenderTilemap.m; sourceTree = "<group>"; };
		05F93D2616432C3C000551C3 /* DTRenderState.h */ = {isa = PBXFileReference; fileEncoding = 4; lastKnownFileType = sourcecode.c.h; path = DTRenderState.h; sourceTree = "<group>"; };
		05F93D2716432C3C000551C3 /* DTRenderState.m */ = {isa = PBXFileReference; fileEncoding = 4; lastKnownFileType = sourcecode.c.objc; path = DTRenderState.m; sourceTree = "<group>"; };
		3809AC311444E57500B0C9AF /* DTRenderEntities.h */ = {isa = PBXFileReference; fileEncoding = 4; lastKnownFileType = sourcecode.c.h; path = DTRenderEntities.h; sourceTree = "<group>"; };
		3809AC321444E57500B0C9AF /* DTRenderEntities.m */ = {isa = PBXFileReference; fileEncoding = 4; lastKnownFileType = sourcecode.c.objc; path = DTRenderEntities.m; sourceTree = "<group>"; };
		3809AC3414460AFC00B0C9AF /* DTAnimation.h */ = {isa = PBXFileReference; fileEncoding = 4; lastKnownFileType = sourcecode.c.h; path = DTAnimation.h; sourceTree = "<group>"; };
		3809AC3514460AFC00B0C9AF /* DTAnimation.m */ = {isa = PBXFileReference; fileEncoding = 4; lastKnownFileType = sourcecode.c.objc; path = DTAnimation.m; sourceTree = "<group>"; };
		38F01F9C16AAC71200BA478A /* EchoNestFetcher.h */ = {isa = PBXFileReference; fileEncoding = 4; lastKnownFileType = sourcecode.c.h; path = EchoNestFetcher.h; sourceTree = "<group>"; };
		38F01F9D16AAC71200BA478A /* EchoNestFetcher.m */ = {isa = PBXFileReference; fileEncoding = 4; lastKnownFileType = sourcecode.c.objc; path = EchoNestFetcher.m; sourceTree = "<group>"; };
		38F01F9F16AACFF700BA478A /* ARURLConnection.h */ = {isa = PBXFileReference; fileEncoding = 4; lastKnownFileType = sourcecode.c.h; path = ARURLConnection.h; sourceTree = "<group>"; };
		38F01FA016AACFF700BA478A /* ARURLConnection.m */ = {isa = PBXFileReference; fileEncoding = 4; lastKnownFileType = sourcecode.c.objc; path = ARURLConnection.m; sourceTree = "<group>"; };
		994E55F1144115DF009EC13C /* DTResourceManager.h */ = {isa = PBXFileReference; fileEncoding = 4; lastKnownFileType = sourcecode.c.h; name = DTResourceManager.h; path = Graphics/DTResourceManager.h; sourceTree = "<group>"; };
		994E55F2144115DF009EC13C /* DTResourceManager.m */ = {isa = PBXFileReference; fileEncoding = 4; lastKnownFileType = sourcecode.c.objc; name = DTResourceManager.m; path = Graphics/DTResourceManager.m; sourceTree = "<group>"; };
		994E55F414411609009EC13C /* DTTexture.h */ = {isa = PBXFileReference; fileEncoding = 4; lastKnownFileType = sourcecode.c.h; name = DTTexture.h; path = Graphics/DTTexture.h; sourceTree = "<group>"; };
		994E55F514411609009EC13C /* DTTexture.m */ = {isa = PBXFileReference; fileEncoding = 4; lastKnownFileType = sourcecode.c.objc; name = DTTexture.m; path = Graphics/DTTexture.m; sourceTree = "<group>"; };
		994E55F714411645009EC13C /* DTResource.h */ = {isa = PBXFileReference; fileEncoding = 4; lastKnownFileType = sourcecode.c.h; path = DTResource.h; sourceTree = "<group>"; };
		994E55F814411645009EC13C /* DTResource.m */ = {isa = PBXFileReference; fileEncoding = 4; lastKnownFileType = sourcecode.c.objc; path = DTResource.m; sourceTree = "<group>"; };
		994E55FA1441169D009EC13C /* DTSprite.h */ = {isa = PBXFileReference; fileEncoding = 4; lastKnownFileType = sourcecode.c.h; name = DTSprite.h; path = Graphics/DTSprite.h; sourceTree = "<group>"; };
		994E55FB1441169D009EC13C /* DTSprite.m */ = {isa = PBXFileReference; fileEncoding = 4; lastKnownFileType = sourcecode.c.objc; name = DTSprite.m; path = Graphics/DTSprite.m; sourceTree = "<group>"; };
		994E55FD14412A30009EC13C /* DTImage.h */ = {isa = PBXFileReference; fileEncoding = 4; lastKnownFileType = sourcecode.c.h; name = DTImage.h; path = Graphics/DTImage.h; sourceTree = "<group>"; };
		994E55FE14412A30009EC13C /* DTImage.m */ = {isa = PBXFileReference; fileEncoding = 4; lastKnownFileType = sourcecode.c.objc; name = DTImage.m; path = Graphics/DTImage.m; sourceTree = "<group>"; };
		994E560F144146A8009EC13C /* resources */ = {isa = PBXFileReference; lastKnownFileType = folder; path = resources; sourceTree = SOURCE_ROOT; };
		994E56151441CB3C009EC13C /* DTSpriteMap.h */ = {isa = PBXFileReference; fileEncoding = 4; lastKnownFileType = sourcecode.c.h; name = DTSpriteMap.h; path = Graphics/DTSpriteMap.h; sourceTree = "<group>"; };
		994E56161441CB3C009EC13C /* DTSpriteMap.m */ = {isa = PBXFileReference; fileEncoding = 4; lastKnownFileType = sourcecode.c.objc; name = DTSpriteMap.m; path = Graphics/DTSpriteMap.m; sourceTree = "<group>"; };
		99E500F915FAB7AE0031F34D /* SCConstants.h */ = {isa = PBXFileReference; fileEncoding = 4; lastKnownFileType = sourcecode.c.h; path = SCConstants.h; sourceTree = "<group>"; };
		99E500FA15FAB7AE0031F34D /* SCEvent.h */ = {isa = PBXFileReference; fileEncoding = 4; lastKnownFileType = sourcecode.c.h; path = SCEvent.h; sourceTree = "<group>"; };
		99E500FB15FAB7AE0031F34D /* SCEvent.m */ = {isa = PBXFileReference; fileEncoding = 4; lastKnownFileType = sourcecode.c.objc; path = SCEvent.m; sourceTree = "<group>"; };
		99E500FC15FAB7AE0031F34D /* SCEventListenerProtocol.h */ = {isa = PBXFileReference; fileEncoding = 4; lastKnownFileType = sourcecode.c.h; path = SCEventListenerProtocol.h; sourceTree = "<group>"; };
		99E500FD15FAB7AE0031F34D /* SCEvents.h */ = {isa = PBXFileReference; fileEncoding = 4; lastKnownFileType = sourcecode.c.h; path = SCEvents.h; sourceTree = "<group>"; };
		99E500FE15FAB7AE0031F34D /* SCEvents.m */ = {isa = PBXFileReference; fileEncoding = 4; lastKnownFileType = sourcecode.c.objc; path = SCEvents.m; sourceTree = "<group>"; };
		D815B9E61449DCAE003EE259 /* DTShader.h */ = {isa = PBXFileReference; fileEncoding = 4; lastKnownFileType = sourcecode.c.h; name = DTShader.h; path = Graphics/DTShader.h; sourceTree = "<group>"; };
		D815B9E71449DCAE003EE259 /* DTShader.m */ = {isa = PBXFileReference; fileEncoding = 4; lastKnownFileType = sourcecode.c.objc; name = DTShader.m; path = Graphics/DTShader.m; sourceTree = "<group>"; };
		D822B7C0143FDDF80097FC9E /* DTCamera.h */ = {isa = PBXFileReference; fileEncoding = 4; lastKnownFileType = sourcecode.c.h; name = DTCamera.h; path = Client/DTCamera.h; sourceTree = "<group>"; };
		D822B7C1143FDDF80097FC9E /* DTCamera.m */ = {isa = PBXFileReference; fileEncoding = 4; lastKnownFileType = sourcecode.c.objc; name = DTCamera.m; path = Client/DTCamera.m; sourceTree = "<group>"; };
		D822B7C4143FE1AC0097FC9E /* DTEntityRipper.h */ = {isa = PBXFileReference; fileEncoding = 4; lastKnownFileType = sourcecode.c.h; path = DTEntityRipper.h; sourceTree = "<group>"; };
		D822B7C5143FE1AC0097FC9E /* DTEntityRipper.m */ = {isa = PBXFileReference; fileEncoding = 4; lastKnownFileType = sourcecode.c.objc; path = DTEntityRipper.m; sourceTree = "<group>"; };
		D822B7D314406D750097FC9E /* DTEntityZoomer.h */ = {isa = PBXFileReference; fileEncoding = 4; lastKnownFileType = sourcecode.c.h; path = DTEntityZoomer.h; sourceTree = "<group>"; };
		D822B7D414406D750097FC9E /* DTEntityZoomer.m */ = {isa = PBXFileReference; fileEncoding = 4; lastKnownFileType = sourcecode.c.objc; path = DTEntityZoomer.m; sourceTree = "<group>"; };
		D822B7DB14407E1F0097FC9E /* DTWorld.h */ = {isa = PBXFileReference; fileEncoding = 4; lastKnownFileType = sourcecode.c.h; path = DTWorld.h; sourceTree = "<group>"; };
		D822B7DC14407E1F0097FC9E /* DTWorld.m */ = {isa = PBXFileReference; fileEncoding = 4; lastKnownFileType = sourcecode.c.objc; path = DTWorld.m; sourceTree = "<group>"; };
		D8548F29143F45D7005D7DC0 /* Mutroid.app */ = {isa = PBXFileReference; explicitFileType = wrapper.application; includeInIndex = 0; path = Mutroid.app; sourceTree = BUILT_PRODUCTS_DIR; };
		D8548F2D143F45D7005D7DC0 /* Cocoa.framework */ = {isa = PBXFileReference; lastKnownFileType = wrapper.framework; name = Cocoa.framework; path = System/Library/Frameworks/Cocoa.framework; sourceTree = SDKROOT; };
		D8548F30143F45D7005D7DC0 /* AppKit.framework */ = {isa = PBXFileReference; lastKnownFileType = wrapper.framework; name = AppKit.framework; path = System/Library/Frameworks/AppKit.framework; sourceTree = SDKROOT; };
		D8548F31143F45D7005D7DC0 /* CoreData.framework */ = {isa = PBXFileReference; lastKnownFileType = wrapper.framework; name = CoreData.framework; path = System/Library/Frameworks/CoreData.framework; sourceTree = SDKROOT; };
		D8548F32143F45D7005D7DC0 /* Foundation.framework */ = {isa = PBXFileReference; lastKnownFileType = wrapper.framework; name = Foundation.framework; path = System/Library/Frameworks/Foundation.framework; sourceTree = SDKROOT; };
		D8548F35143F45D7005D7DC0 /* Mutroid-Info.plist */ = {isa = PBXFileReference; lastKnownFileType = text.plist.xml; path = "Mutroid-Info.plist"; sourceTree = "<group>"; };
		D8548F37143F45D7005D7DC0 /* en */ = {isa = PBXFileReference; lastKnownFileType = text.plist.strings; name = en; path = en.lproj/InfoPlist.strings; sourceTree = "<group>"; };
		D8548F39143F45D7005D7DC0 /* main.m */ = {isa = PBXFileReference; lastKnownFileType = sourcecode.c.objc; path = main.m; sourceTree = "<group>"; };
		D8548F3B143F45D7005D7DC0 /* Mutroid-Prefix.pch */ = {isa = PBXFileReference; lastKnownFileType = sourcecode.c.h; path = "Mutroid-Prefix.pch"; sourceTree = "<group>"; };
		D8548F3D143F45D7005D7DC0 /* en */ = {isa = PBXFileReference; lastKnownFileType = text.rtf; name = en; path = en.lproj/Credits.rtf; sourceTree = "<group>"; };
		D8548F3F143F45D7005D7DC0 /* DTAppDelegate.h */ = {isa = PBXFileReference; lastKnownFileType = sourcecode.c.h; path = DTAppDelegate.h; sourceTree = "<group>"; };
		D8548F40143F45D7005D7DC0 /* DTAppDelegate.m */ = {isa = PBXFileReference; lastKnownFileType = sourcecode.c.objc; path = DTAppDelegate.m; sourceTree = "<group>"; };
		D8548F43143F45D7005D7DC0 /* en */ = {isa = PBXFileReference; lastKnownFileType = file.xib; name = en; path = en.lproj/MainMenu.xib; sourceTree = "<group>"; };
		D8548F4A143F45D7005D7DC0 /* MutroidTests.octest */ = {isa = PBXFileReference; explicitFileType = wrapper.cfbundle; includeInIndex = 0; path = MutroidTests.octest; sourceTree = BUILT_PRODUCTS_DIR; };
		D8548F4B143F45D7005D7DC0 /* SenTestingKit.framework */ = {isa = PBXFileReference; lastKnownFileType = wrapper.framework; name = SenTestingKit.framework; path = Library/Frameworks/SenTestingKit.framework; sourceTree = DEVELOPER_DIR; };
		D8548F52143F45D7005D7DC0 /* MutroidTests-Info.plist */ = {isa = PBXFileReference; lastKnownFileType = text.plist.xml; path = "MutroidTests-Info.plist"; sourceTree = "<group>"; };
		D8548F54143F45D7005D7DC0 /* en */ = {isa = PBXFileReference; lastKnownFileType = text.plist.strings; name = en; path = en.lproj/InfoPlist.strings; sourceTree = "<group>"; };
		D8548F56143F45D7005D7DC0 /* DeathtroidTests.h */ = {isa = PBXFileReference; lastKnownFileType = sourcecode.c.h; path = DeathtroidTests.h; sourceTree = "<group>"; };
		D8548F57143F45D7005D7DC0 /* DeathtroidTests.m */ = {isa = PBXFileReference; lastKnownFileType = sourcecode.c.objc; path = DeathtroidTests.m; sourceTree = "<group>"; };
		D8548F70143F4C4D005D7DC0 /* DTView.h */ = {isa = PBXFileReference; fileEncoding = 4; lastKnownFileType = sourcecode.c.h; path = DTView.h; sourceTree = "<group>"; };
		D8548F71143F4C4D005D7DC0 /* DTView.m */ = {isa = PBXFileReference; fileEncoding = 4; lastKnownFileType = sourcecode.c.objc; path = DTView.m; sourceTree = "<group>"; };
		D8548F7A143F542B005D7DC0 /* OpenGL.framework */ = {isa = PBXFileReference; lastKnownFileType = wrapper.framework; name = OpenGL.framework; path = System/Library/Frameworks/OpenGL.framework; sourceTree = SDKROOT; };
		D891F80F1440D98800B489CA /* DTPhysics.h */ = {isa = PBXFileReference; fileEncoding = 4; lastKnownFileType = sourcecode.c.h; path = DTPhysics.h; sourceTree = "<group>"; };
		D891F8101440D98800B489CA /* DTPhysics.m */ = {isa = PBXFileReference; fileEncoding = 4; lastKnownFileType = sourcecode.c.objc; path = DTPhysics.m; sourceTree = "<group>"; };
		D891F81B1440E83500B489CA /* DTEntityPlayer.h */ = {isa = PBXFileReference; fileEncoding = 4; lastKnownFileType = sourcecode.c.h; path = DTEntityPlayer.h; sourceTree = "<group>"; };
		D891F81C1440E83500B489CA /* DTEntityPlayer.m */ = {isa = PBXFileReference; fileEncoding = 4; lastKnownFileType = sourcecode.c.objc; path = DTEntityPlayer.m; sourceTree = "<group>"; };
		D891F8231440F62B00B489CA /* DTEntityBullet.h */ = {isa = PBXFileReference; fileEncoding = 4; lastKnownFileType = sourcecode.c.h; path = DTEntityBullet.h; sourceTree = "<group>"; };
		D891F8241440F62B00B489CA /* DTEntityBullet.m */ = {isa = PBXFileReference; fileEncoding = 4; lastKnownFileType = sourcecode.c.objc; path = DTEntityBullet.m; sourceTree = "<group>"; };
		D891F85314412F0300B489CA /* DTEntitySidehopper.h */ = {isa = PBXFileReference; fileEncoding = 4; lastKnownFileType = sourcecode.c.h; path = DTEntitySidehopper.h; sourceTree = "<group>"; };
		D891F85414412F0300B489CA /* DTEntitySidehopper.m */ = {isa = PBXFileReference; fileEncoding = 4; lastKnownFileType = sourcecode.c.objc; path = DTEntitySidehopper.m; sourceTree = "<group>"; };
		D896A3C6143F761F005F440F /* DTInput.h */ = {isa = PBXFileReference; fileEncoding = 4; lastKnownFileType = sourcecode.c.h; path = DTInput.h; sourceTree = "<group>"; };
		D8B05704143F7697002CE09B /* DTInput.m */ = {isa = PBXFileReference; fileEncoding = 4; lastKnownFileType = sourcecode.c.objc; path = DTInput.m; sourceTree = "<group>"; };
		D8B05706143F77E6002CE09B /* DTCore.h */ = {isa = PBXFileReference; fileEncoding = 4; lastKnownFileType = sourcecode.c.h; path = DTCore.h; sourceTree = "<group>"; };
		D8B05707143F77E6002CE09B /* DTCore.m */ = {isa = PBXFileReference; fileEncoding = 4; lastKnownFileType = sourcecode.c.objc; path = DTCore.m; sourceTree = "<group>"; };
		D8B05710143F840B002CE09B /* DTEntity.h */ = {isa = PBXFileReference; fileEncoding = 4; lastKnownFileType = sourcecode.c.h; name = DTEntity.h; path = ../DTEntity.h; sourceTree = "<group>"; };
		D8B05711143F840B002CE09B /* DTEntity.m */ = {isa = PBXFileReference; fileEncoding = 4; lastKnownFileType = sourcecode.c.objc; name = DTEntity.m; path = ../DTEntity.m; sourceTree = "<group>"; };
		D8B05713143F8569002CE09B /* Vector2.h */ = {isa = PBXFileReference; fileEncoding = 4; lastKnownFileType = sourcecode.c.h; path = Vector2.h; sourceTree = "<group>"; };
		D8B05714143F8569002CE09B /* Vector2.m */ = {isa = PBXFileReference; fileEncoding = 4; lastKnownFileType = sourcecode.c.objc; path = Vector2.m; sourceTree = "<group>"; };
		D8B0571F143FA202002CE09B /* DTClient.h */ = {isa = PBXFileReference; fileEncoding = 4; lastKnownFileType = sourcecode.c.h; name = DTClient.h; path = Client/DTClient.h; sourceTree = "<group>"; };
		D8B05720143FA202002CE09B /* DTClient.m */ = {isa = PBXFileReference; fileEncoding = 4; lastKnownFileType = sourcecode.c.objc; name = DTClient.m; path = Client/DTClient.m; sourceTree = "<group>"; };
		D8B05722143FA20F002CE09B /* DTPlayer.h */ = {isa = PBXFileReference; fileEncoding = 4; lastKnownFileType = sourcecode.c.h; name = DTPlayer.h; path = Server/DTPlayer.h; sourceTree = "<group>"; };
		D8B05723143FA20F002CE09B /* DTPlayer.m */ = {isa = PBXFileReference; fileEncoding = 4; lastKnownFileType = sourcecode.c.objc; name = DTPlayer.m; path = Server/DTPlayer.m; sourceTree = "<group>"; };
		D8B05724143FA20F002CE09B /* DTServer.h */ = {isa = PBXFileReference; fileEncoding = 4; lastKnownFileType = sourcecode.c.h; name = DTServer.h; path = Server/DTServer.h; sourceTree = "<group>"; };
		D8B05725143FA20F002CE09B /* DTServer.m */ = {isa = PBXFileReference; fileEncoding = 4; lastKnownFileType = sourcecode.c.objc; name = DTServer.m; path = Server/DTServer.m; sourceTree = "<group>"; };
		D8B0572B143FB22F002CE09B /* DTMap.h */ = {isa = PBXFileReference; fileEncoding = 4; lastKnownFileType = sourcecode.c.h; path = DTMap.h; sourceTree = "<group>"; };
		D8B0572C143FB22F002CE09B /* DTMap.m */ = {isa = PBXFileReference; fileEncoding = 4; lastKnownFileType = sourcecode.c.objc; path = DTMap.m; sourceTree = "<group>"; };
		D8B0572E143FB2AA002CE09B /* DTLayer.h */ = {isa = PBXFileReference; fileEncoding = 4; lastKnownFileType = sourcecode.c.h; path = DTLayer.h; sourceTree = "<group>"; };
		D8B0572F143FB2AA002CE09B /* DTLayer.m */ = {isa = PBXFileReference; fileEncoding = 4; lastKnownFileType = sourcecode.c.objc; path = DTLayer.m; sourceTree = "<group>"; };
		D8B05730143FB2AA002CE09B /* DTRoom.h */ = {isa = PBXFileReference; fileEncoding = 4; lastKnownFileType = sourcecode.c.h; path = DTRoom.h; sourceTree = "<group>"; };
		D8B05731143FB2AA002CE09B /* DTRoom.m */ = {isa = PBXFileReference; fileEncoding = 4; lastKnownFileType = sourcecode.c.objc; path = DTRoom.m; sourceTree = "<group>"; };
		D8EEC3E21449DE8F0073DA57 /* DTProgram.h */ = {isa = PBXFileReference; fileEncoding = 4; lastKnownFileType = sourcecode.c.h; name = DTProgram.h; path = Graphics/DTProgram.h; sourceTree = "<group>"; };
		D8EEC3E31449DE8F0073DA57 /* DTProgram.m */ = {isa = PBXFileReference; fileEncoding = 4; lastKnownFileType = sourcecode.c.objc; name = DTProgram.m; path = Graphics/DTProgram.m; sourceTree = "<group>"; };
/* End PBXFileReference section */

/* Begin PBXFrameworksBuildPhase section */
		D8548F26143F45D7005D7DC0 /* Frameworks */ = {
			isa = PBXFrameworksBuildPhase;
			buildActionMask = 2147483647;
			files = (
				05A5A3D816AAA811007F768F /* CocoaLibSpotify.framework in Frameworks */,
				052A5EC5144CCED1005C12AC /* AudioToolbox.framework in Frameworks */,
				052A5EBA144CBC7F005C12AC /* OpenAL.framework in Frameworks */,
				D8548F7B143F542B005D7DC0 /* OpenGL.framework in Frameworks */,
				D8548F2E143F45D7005D7DC0 /* Cocoa.framework in Frameworks */,
				052A5EB8144CBC4D005C12AC /* libfinch.a in Frameworks */,
				05A5A3DA16AAA86F007F768F /* libspotify.framework in Frameworks */,
			);
			runOnlyForDeploymentPostprocessing = 0;
		};
		D8548F46143F45D7005D7DC0 /* Frameworks */ = {
			isa = PBXFrameworksBuildPhase;
			buildActionMask = 2147483647;
			files = (
				D8548F4C143F45D7005D7DC0 /* SenTestingKit.framework in Frameworks */,
				D8548F4D143F45D7005D7DC0 /* Cocoa.framework in Frameworks */,
			);
			runOnlyForDeploymentPostprocessing = 0;
		};
/* End PBXFrameworksBuildPhase section */

/* Begin PBXGroup section */
		052A5E98144CBBDB005C12AC /* Products */ = {
			isa = PBXGroup;
			children = (
				052A5E9F144CBBDB005C12AC /* libFinch.a */,
				052A5EA1144CBBDB005C12AC /* libfinch.a */,
				052A5EA3144CBBDB005C12AC /* Tests.octest */,
				052A5EA5144CBBDB005C12AC /* Finch Demo.app */,
			);
			name = Products;
			sourceTree = "<group>";
		};
		052A5EBB144CC493005C12AC /* Resources */ = {
			isa = PBXGroup;
			children = (
				994E55F714411645009EC13C /* DTResource.h */,
				994E55F814411645009EC13C /* DTResource.m */,
				994E55F1144115DF009EC13C /* DTResourceManager.h */,
				994E55F2144115DF009EC13C /* DTResourceManager.m */,
				994E55EF144115B5009EC13C /* Graphics */,
				052A5EBC144CC4A6005C12AC /* Audio */,
				052A5EBD144CC4AD005C12AC /* Rooms */,
			);
			name = Resources;
			sourceTree = "<group>";
		};
		052A5EBC144CC4A6005C12AC /* Audio */ = {
			isa = PBXGroup;
			children = (
				052A5EC1144CC63B005C12AC /* DTSound.h */,
				052A5EC2144CC63B005C12AC /* DTSound.m */,
			);
			name = Audio;
			sourceTree = "<group>";
		};
		052A5EBD144CC4AD005C12AC /* Rooms */ = {
			isa = PBXGroup;
			children = (
				D8B05730143FB2AA002CE09B /* DTRoom.h */,
				D8B05731143FB2AA002CE09B /* DTRoom.m */,
				D822B7DB14407E1F0097FC9E /* DTWorld.h */,
				D822B7DC14407E1F0097FC9E /* DTWorld.m */,
				D8B0572B143FB22F002CE09B /* DTMap.h */,
				D8B0572C143FB22F002CE09B /* DTMap.m */,
				D8B0572E143FB2AA002CE09B /* DTLayer.h */,
				D8B0572F143FB2AA002CE09B /* DTLayer.m */,
				05B60AD21440E56F00CFFCE9 /* DTLevelRepository.h */,
				05B60AD31440E56F00CFFCE9 /* DTLevelRepository.m */,
			);
			name = Rooms;
			sourceTree = "<group>";
		};
		052A5EBE144CC521005C12AC /* Shared */ = {
			isa = PBXGroup;
			children = (
				D8B05706143F77E6002CE09B /* DTCore.h */,
				D8B05707143F77E6002CE09B /* DTCore.m */,
				D891F80F1440D98800B489CA /* DTPhysics.h */,
				D891F8101440D98800B489CA /* DTPhysics.m */,
				05C35703143F9F53001FE29E /* TCAsyncHashProtocol.h */,
				05C35704143F9F53001FE29E /* TCAsyncHashProtocol.m */,
				0587E523143F8FB100EA9CBF /* DTConstants.h */,
				0587E524143F8FB200EA9CBF /* DTConstants.m */,
				05ADA1E815FBFF9C00D4B784 /* DTWorldRoom.h */,
				05ADA1E915FBFF9C00D4B784 /* DTWorldRoom.m */,
				05ABD6551600BE7B002F04F0 /* DTEntityTemplate.h */,
				05ABD6561600BE7B002F04F0 /* DTEntityTemplate.m */,
			);
			name = Shared;
			sourceTree = "<group>";
		};
		052A5EBF144CC54D005C12AC /* Mac shit */ = {
			isa = PBXGroup;
			children = (
				D8548F3F143F45D7005D7DC0 /* DTAppDelegate.h */,
				D8548F40143F45D7005D7DC0 /* DTAppDelegate.m */,
				D8548F70143F4C4D005D7DC0 /* DTView.h */,
				D8548F71143F4C4D005D7DC0 /* DTView.m */,
				D8548F42143F45D7005D7DC0 /* MainMenu.xib */,
				055459AA1441DC3400E94DB2 /* BlackBackgroundView.h */,
				055459AB1441DC3400E94DB2 /* BlackBackgroundView.m */,
				0554015D16023A00009B2E35 /* DTEntityEditor.h */,
				0554015E16023A00009B2E35 /* DTEntityEditor.m */,
				0554016016023B54009B2E35 /* DTEntityEditor.xib */,
				05475A0C160A1F920000BD66 /* DTRoomEditor.h */,
				05475A0D160A1F920000BD66 /* DTRoomEditor.m */,
				05475A0A160A11770000BD66 /* DTRoomEditor.xib */,
				05B7AD24160F5314008BCD48 /* deathtroid.icns */,
			);
			name = "Mac shit";
			sourceTree = "<group>";
		};
		052A5EC0144CC55A005C12AC /* Util */ = {
			isa = PBXGroup;
			children = (
				D8B05713143F8569002CE09B /* Vector2.h */,
				D8B05714143F8569002CE09B /* Vector2.m */,
				052650DA1444FFAE00A881C5 /* NSString+UUID.h */,
				052650DB1444FFAF00A881C5 /* NSString+UUID.m */,
			);
			name = Util;
			sourceTree = "<group>";
		};
		05876FF316050CB700279D77 /* MAObjCRuntime */ = {
			isa = PBXGroup;
			children = (
				05876FF816050CB700279D77 /* MARTNSObject.h */,
				05876FF916050CB700279D77 /* MARTNSObject.m */,
				05876FFB16050CB700279D77 /* RTIvar.h */,
				05876FFC16050CB700279D77 /* RTIvar.m */,
				05876FFD16050CB700279D77 /* RTMethod.h */,
				05876FFE16050CB700279D77 /* RTMethod.m */,
				05876FFF16050CB700279D77 /* RTProperty.h */,
				0587700016050CB700279D77 /* RTProperty.m */,
				0587700116050CB700279D77 /* RTProtocol.h */,
				0587700216050CB700279D77 /* RTProtocol.m */,
				0587700316050CB700279D77 /* RTUnregisteredClass.h */,
				0587700416050CB700279D77 /* RTUnregisteredClass.m */,
			);
			name = MAObjCRuntime;
			path = Vendor/MAObjCRuntime;
			sourceTree = "<group>";
		};
		05A5A3CC16AAA802007F768F /* Products */ = {
			isa = PBXGroup;
			children = (
				05A5A3D516AAA802007F768F /* CocoaLibSpotify.framework */,
				05A5A3D716AAA802007F768F /* CocoaLSTests.app */,
			);
			name = Products;
			sourceTree = "<group>";
		};
		05A5A44216AACFB0007F768F /* Editor */ = {
			isa = PBXGroup;
			children = (
				05AD7F8615FCDEA600E97694 /* DTEditor.h */,
				05AD7F8715FCDEA600E97694 /* DTEditor.m */,
				05ABD60E16009081002F04F0 /* DTEditorTilemap.h */,
				05ABD60F16009081002F04F0 /* DTEditorTilemap.m */,
				05ABD6111600908C002F04F0 /* DTEditorEntities.h */,
				05ABD6121600908D002F04F0 /* DTEditorEntities.m */,
			);
			name = Editor;
			sourceTree = "<group>";
		};
		05CC7B6C143FC4BB00052D06 /* SPSuccinct */ = {
			isa = PBXGroup;
			children = (
				05CC7B6E143FC4BB00052D06 /* SPDepends.h */,
				05CC7B6F143FC4BB00052D06 /* SPDepends.m */,
				05CC7B70143FC4BB00052D06 /* SPKVONotificationCenter.h */,
				05CC7B71143FC4BB00052D06 /* SPKVONotificationCenter.m */,
				05CC7B72143FC4BB00052D06 /* SPLowVerbosity.h */,
				05CC7B73143FC4BB00052D06 /* SPLowVerbosity.m */,
			);
			name = SPSuccinct;
			path = Vendor/SPSuccinct/SPSuccinct;
			sourceTree = SOURCE_ROOT;
		};
		38F01F9B16AAC6F200BA478A /* EchoNest */ = {
			isa = PBXGroup;
			children = (
				38F01F9C16AAC71200BA478A /* EchoNestFetcher.h */,
				38F01F9D16AAC71200BA478A /* EchoNestFetcher.m */,
				38F01F9F16AACFF700BA478A /* ARURLConnection.h */,
				38F01FA016AACFF700BA478A /* ARURLConnection.m */,
			);
			path = EchoNest;
			sourceTree = "<group>";
		};
		994E55EF144115B5009EC13C /* Graphics */ = {
			isa = PBXGroup;
			children = (
				994E55F414411609009EC13C /* DTTexture.h */,
				994E55F514411609009EC13C /* DTTexture.m */,
				994E55FA1441169D009EC13C /* DTSprite.h */,
				994E55FB1441169D009EC13C /* DTSprite.m */,
				994E55FD14412A30009EC13C /* DTImage.h */,
				994E55FE14412A30009EC13C /* DTImage.m */,
				994E56151441CB3C009EC13C /* DTSpriteMap.h */,
				994E56161441CB3C009EC13C /* DTSpriteMap.m */,
				3809AC3414460AFC00B0C9AF /* DTAnimation.h */,
				3809AC3514460AFC00B0C9AF /* DTAnimation.m */,
				D815B9E61449DCAE003EE259 /* DTShader.h */,
				D815B9E71449DCAE003EE259 /* DTShader.m */,
				D8EEC3E21449DE8F0073DA57 /* DTProgram.h */,
				D8EEC3E31449DE8F0073DA57 /* DTProgram.m */,
			);
			name = Graphics;
			sourceTree = "<group>";
		};
		99E500F615FAB7AE0031F34D /* SCEvents */ = {
			isa = PBXGroup;
			children = (
				99E500F915FAB7AE0031F34D /* SCConstants.h */,
				99E500FA15FAB7AE0031F34D /* SCEvent.h */,
				99E500FB15FAB7AE0031F34D /* SCEvent.m */,
				99E500FC15FAB7AE0031F34D /* SCEventListenerProtocol.h */,
				99E500FD15FAB7AE0031F34D /* SCEvents.h */,
				99E500FE15FAB7AE0031F34D /* SCEvents.m */,
			);
			name = SCEvents;
			path = Vendor/SCEvents;
			sourceTree = "<group>";
		};
		D822B7C3143FE1880097FC9E /* Entities */ = {
			isa = PBXGroup;
			children = (
				D8B05710143F840B002CE09B /* DTEntity.h */,
				D8B05711143F840B002CE09B /* DTEntity.m */,
				D822B7C4143FE1AC0097FC9E /* DTEntityRipper.h */,
				D822B7C5143FE1AC0097FC9E /* DTEntityRipper.m */,
				05AD34E516012800001D6F65 /* DTEntityDummy.h */,
				05AD34E616012800001D6F65 /* DTEntityDummy.m */,
				D822B7D314406D750097FC9E /* DTEntityZoomer.h */,
				D822B7D414406D750097FC9E /* DTEntityZoomer.m */,
				D891F81B1440E83500B489CA /* DTEntityPlayer.h */,
				D891F81C1440E83500B489CA /* DTEntityPlayer.m */,
				D891F8231440F62B00B489CA /* DTEntityBullet.h */,
				D891F8241440F62B00B489CA /* DTEntityBullet.m */,
				05AD7F8315FCACCE00E97694 /* DTEntityExplosion.h */,
				05AD7F8415FCACCE00E97694 /* DTEntityExplosion.m */,
				D891F85314412F0300B489CA /* DTEntitySidehopper.h */,
				D891F85414412F0300B489CA /* DTEntitySidehopper.m */,
				055459A61441659000E94DB2 /* DTEntityDoor.h */,
				055459A71441659000E94DB2 /* DTEntityDoor.m */,
				05CC7BA41441FC9F00052D06 /* DTEntityEnemyBase.h */,
				05CC7BA51441FC9F00052D06 /* DTEntityEnemyBase.m */,
				05475A071609F5960000BD66 /* DTEntitySpawnLocation.h */,
				05475A081609F5960000BD66 /* DTEntitySpawnLocation.m */,
			);
			path = Entities;
			sourceTree = "<group>";
		};
		D8548F1E143F45D6005D7DC0 = {
			isa = PBXGroup;
			children = (
				D8548F33143F45D7005D7DC0 /* Deathtroid */,
				994E560F144146A8009EC13C /* resources */,
				D8548F50143F45D7005D7DC0 /* DeathtroidTests */,
				D8548F2C143F45D7005D7DC0 /* Frameworks */,
				D8548F2A143F45D7005D7DC0 /* Products */,
			);
			sourceTree = "<group>";
		};
		D8548F2A143F45D7005D7DC0 /* Products */ = {
			isa = PBXGroup;
			children = (
				D8548F29143F45D7005D7DC0 /* Mutroid.app */,
				D8548F4A143F45D7005D7DC0 /* MutroidTests.octest */,
			);
			name = Products;
			sourceTree = "<group>";
		};
		D8548F2C143F45D7005D7DC0 /* Frameworks */ = {
			isa = PBXGroup;
			children = (
				052A5EC4144CCED1005C12AC /* AudioToolbox.framework */,
				05A5A3D916AAA86F007F768F /* libspotify.framework */,
				05A5A3CB16AAA802007F768F /* CocoaLibSpotify Mac Framework.xcodeproj */,
				05A5A3DE16AAAA2E007F768F /* spkey.key */,
				05876FF316050CB700279D77 /* MAObjCRuntime */,
				99E500F615FAB7AE0031F34D /* SCEvents */,
				0587E520143F8DB200EA9CBF /* AsyncSocket.h */,
				0587E521143F8DB200EA9CBF /* AsyncSocket.m */,
				052A5E97144CBBDB005C12AC /* Finch.xcodeproj */,
				052A5EB9144CBC7F005C12AC /* OpenAL.framework */,
				05CC7B6C143FC4BB00052D06 /* SPSuccinct */,
				D8548F2D143F45D7005D7DC0 /* Cocoa.framework */,
				D8548F4B143F45D7005D7DC0 /* SenTestingKit.framework */,
				D8548F2F143F45D7005D7DC0 /* Other Frameworks */,
			);
			name = Frameworks;
			sourceTree = "<group>";
		};
		D8548F2F143F45D7005D7DC0 /* Other Frameworks */ = {
			isa = PBXGroup;
			children = (
				D8548F7A143F542B005D7DC0 /* OpenGL.framework */,
				D8548F30143F45D7005D7DC0 /* AppKit.framework */,
				D8548F31143F45D7005D7DC0 /* CoreData.framework */,
				D8548F32143F45D7005D7DC0 /* Foundation.framework */,
			);
			name = "Other Frameworks";
			sourceTree = "<group>";
		};
		D8548F33143F45D7005D7DC0 /* Deathtroid */ = {
			isa = PBXGroup;
			children = (
				38F01F9B16AAC6F200BA478A /* EchoNest */,
				052A5EBB144CC493005C12AC /* Resources */,
				D822B7C3143FE1880097FC9E /* Entities */,
				D8B0571E143FA0E3002CE09B /* Client */,
				D8B0571D143FA0D1002CE09B /* Server */,
				052A5EBE144CC521005C12AC /* Shared */,
				052A5EC0144CC55A005C12AC /* Util */,
				052A5EBF144CC54D005C12AC /* Mac shit */,
				D8548F34143F45D7005D7DC0 /* Supporting Files */,
			);
			path = Deathtroid;
			sourceTree = "<group>";
		};
		D8548F34143F45D7005D7DC0 /* Supporting Files */ = {
			isa = PBXGroup;
			children = (
				D8548F35143F45D7005D7DC0 /* Mutroid-Info.plist */,
				D8548F36143F45D7005D7DC0 /* InfoPlist.strings */,
				D8548F39143F45D7005D7DC0 /* main.m */,
				D8548F3B143F45D7005D7DC0 /* Mutroid-Prefix.pch */,
				D8548F3C143F45D7005D7DC0 /* Credits.rtf */,
			);
			name = "Supporting Files";
			sourceTree = "<group>";
		};
		D8548F50143F45D7005D7DC0 /* DeathtroidTests */ = {
			isa = PBXGroup;
			children = (
				D8548F56143F45D7005D7DC0 /* DeathtroidTests.h */,
				D8548F57143F45D7005D7DC0 /* DeathtroidTests.m */,
				D8548F51143F45D7005D7DC0 /* Supporting Files */,
			);
			path = DeathtroidTests;
			sourceTree = "<group>";
		};
		D8548F51143F45D7005D7DC0 /* Supporting Files */ = {
			isa = PBXGroup;
			children = (
				D8548F52143F45D7005D7DC0 /* MutroidTests-Info.plist */,
				D8548F53143F45D7005D7DC0 /* InfoPlist.strings */,
			);
			name = "Supporting Files";
			sourceTree = "<group>";
		};
		D8B0571D143FA0D1002CE09B /* Server */ = {
			isa = PBXGroup;
			children = (
				D8B05722143FA20F002CE09B /* DTPlayer.h */,
				D8B05723143FA20F002CE09B /* DTPlayer.m */,
				D8B05724143FA20F002CE09B /* DTServer.h */,
				D8B05725143FA20F002CE09B /* DTServer.m */,
				0554598B1441383300E94DB2 /* DTServerRoom.h */,
				0554598C1441383400E94DB2 /* DTServerRoom.m */,
			);
			name = Server;
			sourceTree = "<group>";
		};
		D8B0571E143FA0E3002CE09B /* Client */ = {
			isa = PBXGroup;
			children = (
				D8B0571F143FA202002CE09B /* DTClient.h */,
				D8B05720143FA202002CE09B /* DTClient.m */,
				D896A3C6143F761F005F440F /* DTInput.h */,
				D8B05704143F7697002CE09B /* DTInput.m */,
				D822B7C0143FDDF80097FC9E /* DTCamera.h */,
				D822B7C1143FDDF80097FC9E /* DTCamera.m */,
				3809AC311444E57500B0C9AF /* DTRenderEntities.h */,
				3809AC321444E57500B0C9AF /* DTRenderEntities.m */,
				05F49DF91449FB4600974FF9 /* DTRenderTilemap.h */,
				05F49DFA1449FB4600974FF9 /* DTRenderTilemap.m */,
				05A5A44216AACFB0007F768F /* Editor */,
				05F93D2616432C3C000551C3 /* DTRenderState.h */,
				05F93D2716432C3C000551C3 /* DTRenderState.m */,
			);
			name = Client;
			sourceTree = "<group>";
		};
/* End PBXGroup section */

/* Begin PBXNativeTarget section */
		D8548F28143F45D7005D7DC0 /* Mutroid */ = {
			isa = PBXNativeTarget;
			buildConfigurationList = D8548F5B143F45D7005D7DC0 /* Build configuration list for PBXNativeTarget "Mutroid" */;
			buildPhases = (
				D8548F25143F45D7005D7DC0 /* Sources */,
				D8548F26143F45D7005D7DC0 /* Frameworks */,
				D8548F27143F45D7005D7DC0 /* Resources */,
				05A5A3DB16AAA8BE007F768F /* Copy Frameworks */,
			);
			buildRules = (
			);
			dependencies = (
			);
			name = Mutroid;
			productName = Deathtroid;
			productReference = D8548F29143F45D7005D7DC0 /* Mutroid.app */;
			productType = "com.apple.product-type.application";
		};
		D8548F49143F45D7005D7DC0 /* MutroidTests */ = {
			isa = PBXNativeTarget;
			buildConfigurationList = D8548F5E143F45D7005D7DC0 /* Build configuration list for PBXNativeTarget "MutroidTests" */;
			buildPhases = (
				D8548F45143F45D7005D7DC0 /* Sources */,
				D8548F46143F45D7005D7DC0 /* Frameworks */,
				D8548F47143F45D7005D7DC0 /* Resources */,
				D8548F48143F45D7005D7DC0 /* ShellScript */,
			);
			buildRules = (
			);
			dependencies = (
				D8548F4F143F45D7005D7DC0 /* PBXTargetDependency */,
			);
			name = MutroidTests;
			productName = DeathtroidTests;
			productReference = D8548F4A143F45D7005D7DC0 /* MutroidTests.octest */;
			productType = "com.apple.product-type.bundle";
		};
/* End PBXNativeTarget section */

/* Begin PBXProject section */
		D8548F20143F45D6005D7DC0 /* Project object */ = {
			isa = PBXProject;
			attributes = {
				LastUpgradeCheck = 0420;
			};
			buildConfigurationList = D8548F23143F45D6005D7DC0 /* Build configuration list for PBXProject "Mutroid" */;
			compatibilityVersion = "Xcode 3.2";
			developmentRegion = English;
			hasScannedForEncodings = 0;
			knownRegions = (
				en,
			);
			mainGroup = D8548F1E143F45D6005D7DC0;
			productRefGroup = D8548F2A143F45D7005D7DC0 /* Products */;
			projectDirPath = "";
			projectReferences = (
				{
					ProductGroup = 05A5A3CC16AAA802007F768F /* Products */;
					ProjectRef = 05A5A3CB16AAA802007F768F /* CocoaLibSpotify Mac Framework.xcodeproj */;
				},
				{
					ProductGroup = 052A5E98144CBBDB005C12AC /* Products */;
					ProjectRef = 052A5E97144CBBDB005C12AC /* Finch.xcodeproj */;
				},
			);
			projectRoot = "";
			targets = (
				D8548F28143F45D7005D7DC0 /* Mutroid */,
				D8548F49143F45D7005D7DC0 /* MutroidTests */,
			);
		};
/* End PBXProject section */

/* Begin PBXReferenceProxy section */
		052A5E9F144CBBDB005C12AC /* libFinch.a */ = {
			isa = PBXReferenceProxy;
			fileType = archive.ar;
			path = libFinch.a;
			remoteRef = 052A5E9E144CBBDB005C12AC /* PBXContainerItemProxy */;
			sourceTree = BUILT_PRODUCTS_DIR;
		};
		052A5EA1144CBBDB005C12AC /* libfinch.a */ = {
			isa = PBXReferenceProxy;
			fileType = archive.ar;
			path = libfinch.a;
			remoteRef = 052A5EA0144CBBDB005C12AC /* PBXContainerItemProxy */;
			sourceTree = BUILT_PRODUCTS_DIR;
		};
		052A5EA3144CBBDB005C12AC /* Tests.octest */ = {
			isa = PBXReferenceProxy;
			fileType = wrapper.cfbundle;
			path = Tests.octest;
			remoteRef = 052A5EA2144CBBDB005C12AC /* PBXContainerItemProxy */;
			sourceTree = BUILT_PRODUCTS_DIR;
		};
		052A5EA5144CBBDB005C12AC /* Finch Demo.app */ = {
			isa = PBXReferenceProxy;
			fileType = wrapper.application;
			path = "Finch Demo.app";
			remoteRef = 052A5EA4144CBBDB005C12AC /* PBXContainerItemProxy */;
			sourceTree = BUILT_PRODUCTS_DIR;
		};
		05A5A3D516AAA802007F768F /* CocoaLibSpotify.framework */ = {
			isa = PBXReferenceProxy;
			fileType = wrapper.framework;
			path = CocoaLibSpotify.framework;
			remoteRef = 05A5A3D416AAA802007F768F /* PBXContainerItemProxy */;
			sourceTree = BUILT_PRODUCTS_DIR;
		};
		05A5A3D716AAA802007F768F /* CocoaLSTests.app */ = {
			isa = PBXReferenceProxy;
			fileType = wrapper.application;
			path = CocoaLSTests.app;
			remoteRef = 05A5A3D616AAA802007F768F /* PBXContainerItemProxy */;
			sourceTree = BUILT_PRODUCTS_DIR;
		};
/* End PBXReferenceProxy section */

/* Begin PBXResourcesBuildPhase section */
		D8548F27143F45D7005D7DC0 /* Resources */ = {
			isa = PBXResourcesBuildPhase;
			buildActionMask = 2147483647;
			files = (
				D8548F38143F45D7005D7DC0 /* InfoPlist.strings in Resources */,
				D8548F3E143F45D7005D7DC0 /* Credits.rtf in Resources */,
				D8548F44143F45D7005D7DC0 /* MainMenu.xib in Resources */,
				994E5610144146A8009EC13C /* resources in Resources */,
				0554016116023B54009B2E35 /* DTEntityEditor.xib in Resources */,
				05475A0B160A11780000BD66 /* DTRoomEditor.xib in Resources */,
				05B7AD25160F5314008BCD48 /* deathtroid.icns in Resources */,
				05A5A3DF16AAAA2E007F768F /* spkey.key in Resources */,
			);
			runOnlyForDeploymentPostprocessing = 0;
		};
		D8548F47143F45D7005D7DC0 /* Resources */ = {
			isa = PBXResourcesBuildPhase;
			buildActionMask = 2147483647;
			files = (
				D8548F55143F45D7005D7DC0 /* InfoPlist.strings in Resources */,
			);
			runOnlyForDeploymentPostprocessing = 0;
		};
/* End PBXResourcesBuildPhase section */

/* Begin PBXShellScriptBuildPhase section */
		D8548F48143F45D7005D7DC0 /* ShellScript */ = {
			isa = PBXShellScriptBuildPhase;
			buildActionMask = 2147483647;
			files = (
			);
			inputPaths = (
			);
			outputPaths = (
			);
			runOnlyForDeploymentPostprocessing = 0;
			shellPath = /bin/sh;
			shellScript = "# Run the unit tests in this test bundle.\n\"${SYSTEM_DEVELOPER_DIR}/Tools/RunUnitTests\"\n";
		};
/* End PBXShellScriptBuildPhase section */

/* Begin PBXSourcesBuildPhase section */
		D8548F25143F45D7005D7DC0 /* Sources */ = {
			isa = PBXSourcesBuildPhase;
			buildActionMask = 2147483647;
			files = (
				D8B05716143F8A73002CE09B /* DTInput.m in Sources */,
				D8548F3A143F45D7005D7DC0 /* main.m in Sources */,
				D8548F41143F45D7005D7DC0 /* DTAppDelegate.m in Sources */,
				D8548F72143F4C4D005D7DC0 /* DTView.m in Sources */,
				D8B05708143F77E6002CE09B /* DTCore.m in Sources */,
				05CC7B81143FCE3400052D06 /* DTServer.m in Sources */,
				05CC7B7F143FCE3100052D06 /* DTClient.m in Sources */,
				05CC7B82143FCE3900052D06 /* DTPlayer.m in Sources */,
				0587E522143F8DB200EA9CBF /* AsyncSocket.m in Sources */,
				0587E525143F8FB200EA9CBF /* DTConstants.m in Sources */,
				D8B05712143F840B002CE09B /* DTEntity.m in Sources */,
				D8B05715143F8569002CE09B /* Vector2.m in Sources */,
				05C35705143F9F53001FE29E /* TCAsyncHashProtocol.m in Sources */,
				05CC7B77143FC4BB00052D06 /* SPDepends.m in Sources */,
				05CC7B78143FC4BB00052D06 /* SPKVONotificationCenter.m in Sources */,
				05CC7B79143FC4BB00052D06 /* SPLowVerbosity.m in Sources */,
				D8B0572D143FB22F002CE09B /* DTMap.m in Sources */,
				D8B05732143FB2AA002CE09B /* DTLayer.m in Sources */,
				D8B05733143FB2AA002CE09B /* DTRoom.m in Sources */,
				D822B7C2143FDDF80097FC9E /* DTCamera.m in Sources */,
				D822B7C6143FE1AC0097FC9E /* DTEntityRipper.m in Sources */,
				D822B7D514406D750097FC9E /* DTEntityZoomer.m in Sources */,
				D822B7DD14407E1F0097FC9E /* DTWorld.m in Sources */,
				D891F8111440D98800B489CA /* DTPhysics.m in Sources */,
				D891F81D1440E83500B489CA /* DTEntityPlayer.m in Sources */,
				D891F8251440F62B00B489CA /* DTEntityBullet.m in Sources */,
				D891F85514412F0400B489CA /* DTEntitySidehopper.m in Sources */,
				994E55F3144115DF009EC13C /* DTResourceManager.m in Sources */,
				994E55F614411609009EC13C /* DTTexture.m in Sources */,
				994E55F914411645009EC13C /* DTResource.m in Sources */,
				994E55FC1441169D009EC13C /* DTSprite.m in Sources */,
				994E55FF14412A30009EC13C /* DTImage.m in Sources */,
				0554598D1441383400E94DB2 /* DTServerRoom.m in Sources */,
				055459A81441659000E94DB2 /* DTEntityDoor.m in Sources */,
				055459AC1441DC3500E94DB2 /* BlackBackgroundView.m in Sources */,
				994E56171441CB3C009EC13C /* DTSpriteMap.m in Sources */,
				05CC7BA61441FC9F00052D06 /* DTEntityEnemyBase.m in Sources */,
				052650DC1444FFAF00A881C5 /* NSString+UUID.m in Sources */,
				3809AC331444E57500B0C9AF /* DTRenderEntities.m in Sources */,
				3809AC3614460AFC00B0C9AF /* DTAnimation.m in Sources */,
				05F49DFB1449FB4600974FF9 /* DTRenderTilemap.m in Sources */,
				D815B9E81449DCAE003EE259 /* DTShader.m in Sources */,
				D8EEC3E41449DE8F0073DA57 /* DTProgram.m in Sources */,
				052A5EC3144CC63B005C12AC /* DTSound.m in Sources */,
				99E5010115FAB7AE0031F34D /* SCEvent.m in Sources */,
				99E5010215FAB7AE0031F34D /* SCEvents.m in Sources */,
				05ADA1EA15FBFF9C00D4B784 /* DTWorldRoom.m in Sources */,
				05AD7F8515FCACCE00E97694 /* DTEntityExplosion.m in Sources */,
				05AD7F8815FCDEA600E97694 /* DTEditor.m in Sources */,
				05ABD61016009081002F04F0 /* DTEditorTilemap.m in Sources */,
				05ABD6131600908D002F04F0 /* DTEditorEntities.m in Sources */,
				05ABD6571600BE7B002F04F0 /* DTEntityTemplate.m in Sources */,
				05AD34E716012800001D6F65 /* DTEntityDummy.m in Sources */,
				0554015F16023A00009B2E35 /* DTEntityEditor.m in Sources */,
				0587700916050CB700279D77 /* MARTNSObject.m in Sources */,
				0587700B16050CB700279D77 /* RTIvar.m in Sources */,
				0587700C16050CB700279D77 /* RTMethod.m in Sources */,
				0587700D16050CB700279D77 /* RTProperty.m in Sources */,
				0587700E16050CB700279D77 /* RTProtocol.m in Sources */,
				0587700F16050CB700279D77 /* RTUnregisteredClass.m in Sources */,
				05475A091609F5960000BD66 /* DTEntitySpawnLocation.m in Sources */,
				05475A0E160A1F920000BD66 /* DTRoomEditor.m in Sources */,
				05F93D2816432C3C000551C3 /* DTRenderState.m in Sources */,
				38F01F9E16AAC71200BA478A /* EchoNestFetcher.m in Sources */,
				38F01FA116AACFF700BA478A /* ARURLConnection.m in Sources */,
			);
			runOnlyForDeploymentPostprocessing = 0;
		};
		D8548F45143F45D7005D7DC0 /* Sources */ = {
			isa = PBXSourcesBuildPhase;
			buildActionMask = 2147483647;
			files = (
				D8548F58143F45D7005D7DC0 /* DeathtroidTests.m in Sources */,
			);
			runOnlyForDeploymentPostprocessing = 0;
		};
/* End PBXSourcesBuildPhase section */

/* Begin PBXTargetDependency section */
		D8548F4F143F45D7005D7DC0 /* PBXTargetDependency */ = {
			isa = PBXTargetDependency;
			target = D8548F28143F45D7005D7DC0 /* Mutroid */;
			targetProxy = D8548F4E143F45D7005D7DC0 /* PBXContainerItemProxy */;
		};
/* End PBXTargetDependency section */

/* Begin PBXVariantGroup section */
		D8548F36143F45D7005D7DC0 /* InfoPlist.strings */ = {
			isa = PBXVariantGroup;
			children = (
				D8548F37143F45D7005D7DC0 /* en */,
			);
			name = InfoPlist.strings;
			sourceTree = "<group>";
		};
		D8548F3C143F45D7005D7DC0 /* Credits.rtf */ = {
			isa = PBXVariantGroup;
			children = (
				D8548F3D143F45D7005D7DC0 /* en */,
			);
			name = Credits.rtf;
			sourceTree = "<group>";
		};
		D8548F42143F45D7005D7DC0 /* MainMenu.xib */ = {
			isa = PBXVariantGroup;
			children = (
				D8548F43143F45D7005D7DC0 /* en */,
			);
			name = MainMenu.xib;
			sourceTree = "<group>";
		};
		D8548F53143F45D7005D7DC0 /* InfoPlist.strings */ = {
			isa = PBXVariantGroup;
			children = (
				D8548F54143F45D7005D7DC0 /* en */,
			);
			name = InfoPlist.strings;
			sourceTree = "<group>";
		};
/* End PBXVariantGroup section */

/* Begin XCBuildConfiguration section */
		D8548F59143F45D7005D7DC0 /* Debug */ = {
			isa = XCBuildConfiguration;
			buildSettings = {
				ALWAYS_SEARCH_USER_PATHS = NO;
				ARCHS = "$(ARCHS_STANDARD_64_BIT)";
				CLANG_ENABLE_OBJC_ARC = YES;
				COPY_PHASE_STRIP = NO;
				GCC_C_LANGUAGE_STANDARD = gnu99;
				GCC_DYNAMIC_NO_PIC = NO;
				GCC_ENABLE_OBJC_EXCEPTIONS = YES;
				GCC_OPTIMIZATION_LEVEL = 0;
				GCC_PREPROCESSOR_DEFINITIONS = (
					"DEBUG=1",
					"$(inherited)",
				);
				GCC_SYMBOLS_PRIVATE_EXTERN = NO;
				GCC_VERSION = com.apple.compilers.llvm.clang.1_0;
				GCC_WARN_64_TO_32_BIT_CONVERSION = YES;
				GCC_WARN_ABOUT_MISSING_PROTOTYPES = YES;
				GCC_WARN_ABOUT_RETURN_TYPE = YES;
				GCC_WARN_UNUSED_VARIABLE = YES;
				MACOSX_DEPLOYMENT_TARGET = 10.7;
				ONLY_ACTIVE_ARCH = YES;
				SDKROOT = macosx;
			};
			name = Debug;
		};
		D8548F5A143F45D7005D7DC0 /* Release */ = {
			isa = XCBuildConfiguration;
			buildSettings = {
				ALWAYS_SEARCH_USER_PATHS = NO;
				ARCHS = "$(ARCHS_STANDARD_64_BIT)";
				CLANG_ENABLE_OBJC_ARC = YES;
				COPY_PHASE_STRIP = YES;
				DEBUG_INFORMATION_FORMAT = "dwarf-with-dsym";
				GCC_C_LANGUAGE_STANDARD = gnu99;
				GCC_ENABLE_OBJC_EXCEPTIONS = YES;
				GCC_VERSION = com.apple.compilers.llvm.clang.1_0;
				GCC_WARN_64_TO_32_BIT_CONVERSION = YES;
				GCC_WARN_ABOUT_MISSING_PROTOTYPES = YES;
				GCC_WARN_ABOUT_RETURN_TYPE = YES;
				GCC_WARN_UNUSED_VARIABLE = YES;
				MACOSX_DEPLOYMENT_TARGET = 10.7;
				SDKROOT = macosx;
			};
			name = Release;
		};
		D8548F5C143F45D7005D7DC0 /* Debug */ = {
			isa = XCBuildConfiguration;
			buildSettings = {
				FRAMEWORK_SEARCH_PATHS = (
					"$(inherited)",
					"\"$(SRCROOT)/Vendor/libspotify\"",
				);
				GCC_PRECOMPILE_PREFIX_HEADER = YES;
				GCC_PREFIX_HEADER = "Deathtroid/Mutroid-Prefix.pch";
				GCC_PREPROCESSOR_DEFINITIONS = (
					"DEBUG=1",
					"$(inherited)",
					"DUMB_CLIENT=0",
				);
				HEADER_SEARCH_PATHS = "\"${SRCROOT}/Vendor\"";
				INFOPLIST_FILE = "Deathtroid/Mutroid-Info.plist";
				PRODUCT_NAME = Mutroid;
				RUN_CLANG_STATIC_ANALYZER = YES;
				USER_HEADER_SEARCH_PATHS = "Vendor/SPSuccinct/SPSuccinct Vendor/cocoaasyncsocket/RunLoop Vendor/Finch/Finch Vendor/";
				WRAPPER_EXTENSION = app;
			};
			name = Debug;
		};
		D8548F5D143F45D7005D7DC0 /* Release */ = {
			isa = XCBuildConfiguration;
			buildSettings = {
				FRAMEWORK_SEARCH_PATHS = (
					"$(inherited)",
					"\"$(SRCROOT)/Vendor/libspotify\"",
				);
				GCC_PRECOMPILE_PREFIX_HEADER = YES;
				GCC_PREFIX_HEADER = "Deathtroid/Mutroid-Prefix.pch";
				HEADER_SEARCH_PATHS = "\"${SRCROOT}/Vendor\"";
				INFOPLIST_FILE = "Deathtroid/Mutroid-Info.plist";
				PRODUCT_NAME = Mutroid;
				RUN_CLANG_STATIC_ANALYZER = YES;
				USER_HEADER_SEARCH_PATHS = "Vendor/SPSuccinct/SPSuccinct Vendor/cocoaasyncsocket/RunLoop Vendor/Finch/Finch Vendor/";
				WRAPPER_EXTENSION = app;
			};
			name = Release;
		};
		D8548F5F143F45D7005D7DC0 /* Debug */ = {
			isa = XCBuildConfiguration;
			buildSettings = {
				BUNDLE_LOADER = "$(BUILT_PRODUCTS_DIR)/Deathtroid.app/Contents/MacOS/Deathtroid";
				FRAMEWORK_SEARCH_PATHS = "$(DEVELOPER_LIBRARY_DIR)/Frameworks";
				GCC_PRECOMPILE_PREFIX_HEADER = YES;
				GCC_PREFIX_HEADER = "Deathtroid/Deathtroid-Prefix.pch";
				INFOPLIST_FILE = "DeathtroidTests/MutroidTests-Info.plist";
				PRODUCT_NAME = MutroidTests;
				TEST_HOST = "$(BUNDLE_LOADER)";
				WRAPPER_EXTENSION = octest;
			};
			name = Debug;
		};
		D8548F60143F45D7005D7DC0 /* Release */ = {
			isa = XCBuildConfiguration;
			buildSettings = {
				BUNDLE_LOADER = "$(BUILT_PRODUCTS_DIR)/Deathtroid.app/Contents/MacOS/Deathtroid";
				FRAMEWORK_SEARCH_PATHS = "$(DEVELOPER_LIBRARY_DIR)/Frameworks";
				GCC_PRECOMPILE_PREFIX_HEADER = YES;
				GCC_PREFIX_HEADER = "Deathtroid/Deathtroid-Prefix.pch";
				INFOPLIST_FILE = "DeathtroidTests/MutroidTests-Info.plist";
				PRODUCT_NAME = MutroidTests;
				TEST_HOST = "$(BUNDLE_LOADER)";
				WRAPPER_EXTENSION = octest;
			};
			name = Release;
		};
/* End XCBuildConfiguration section */

/* Begin XCConfigurationList section */
		D8548F23143F45D6005D7DC0 /* Build configuration list for PBXProject "Mutroid" */ = {
			isa = XCConfigurationList;
			buildConfigurations = (
				D8548F59143F45D7005D7DC0 /* Debug */,
				D8548F5A143F45D7005D7DC0 /* Release */,
			);
			defaultConfigurationIsVisible = 0;
			defaultConfigurationName = Release;
		};
		D8548F5B143F45D7005D7DC0 /* Build configuration list for PBXNativeTarget "Mutroid" */ = {
			isa = XCConfigurationList;
			buildConfigurations = (
				D8548F5C143F45D7005D7DC0 /* Debug */,
				D8548F5D143F45D7005D7DC0 /* Release */,
			);
			defaultConfigurationIsVisible = 0;
			defaultConfigurationName = Release;
		};
		D8548F5E143F45D7005D7DC0 /* Build configuration list for PBXNativeTarget "MutroidTests" */ = {
			isa = XCConfigurationList;
			buildConfigurations = (
				D8548F5F143F45D7005D7DC0 /* Debug */,
				D8548F60143F45D7005D7DC0 /* Release */,
			);
			defaultConfigurationIsVisible = 0;
			defaultConfigurationName = Release;
		};
/* End XCConfigurationList section */
	};
	rootObject = D8548F20143F45D6005D7DC0 /* Project object */;
}
